// !$*UTF8*$!
{
	archiveVersion = 1;
	classes = {
	};
	objectVersion = 45;
	objects = {

/* Begin PBXBuildFile section */
		15356AFC11ED613A006F5F22 /* PairedDeviceObject.m in Sources */ = {isa = PBXBuildFile; fileRef = 15356AF711ED613A006F5F22 /* PairedDeviceObject.m */; };
		15356AFD11ED613A006F5F22 /* ViewedImageObject.m in Sources */ = {isa = PBXBuildFile; fileRef = 15356AF911ED613A006F5F22 /* ViewedImageObject.m */; };
		15356AFE11ED613A006F5F22 /* CamFolderObject.m in Sources */ = {isa = PBXBuildFile; fileRef = 15356AFB11ED613A006F5F22 /* CamFolderObject.m */; };
		15B4E61111EC16FB000009D2 /* CamFlowPhotoUploader.m in Sources */ = {isa = PBXBuildFile; fileRef = 15B4E61011EC16FB000009D2 /* CamFlowPhotoUploader.m */; };
		15B4E61711EC183D000009D2 /* UIImage+Resize.m in Sources */ = {isa = PBXBuildFile; fileRef = 15B4E61611EC183D000009D2 /* UIImage+Resize.m */; };
		15B4E61F11EC18E7000009D2 /* UIImage+Alpha.m in Sources */ = {isa = PBXBuildFile; fileRef = 15B4E61C11EC18E7000009D2 /* UIImage+Alpha.m */; };
		15B4E62011EC18E7000009D2 /* UIImage+RoundedCorner.m in Sources */ = {isa = PBXBuildFile; fileRef = 15B4E61E11EC18E7000009D2 /* UIImage+RoundedCorner.m */; };
		15B4E64F11EC1B7C000009D2 /* ASIAuthenticationDialog.m in Sources */ = {isa = PBXBuildFile; fileRef = 15B4E63111EC1B7C000009D2 /* ASIAuthenticationDialog.m */; };
		15B4E65011EC1B7C000009D2 /* ASIDownloadCache.m in Sources */ = {isa = PBXBuildFile; fileRef = 15B4E63411EC1B7C000009D2 /* ASIDownloadCache.m */; };
		15B4E65111EC1B7C000009D2 /* ASIFormDataRequest.m in Sources */ = {isa = PBXBuildFile; fileRef = 15B4E63611EC1B7C000009D2 /* ASIFormDataRequest.m */; };
		15B4E65211EC1B7C000009D2 /* ASIHTTPRequest.m in Sources */ = {isa = PBXBuildFile; fileRef = 15B4E63811EC1B7C000009D2 /* ASIHTTPRequest.m */; };
		15B4E65311EC1B7C000009D2 /* ASIInputStream.m in Sources */ = {isa = PBXBuildFile; fileRef = 15B4E63C11EC1B7C000009D2 /* ASIInputStream.m */; };
		15B4E65411EC1B7C000009D2 /* ASINetworkQueue.m in Sources */ = {isa = PBXBuildFile; fileRef = 15B4E63E11EC1B7C000009D2 /* ASINetworkQueue.m */; };
		15B4E65511EC1B7C000009D2 /* ASIS3Bucket.m in Sources */ = {isa = PBXBuildFile; fileRef = 15B4E64211EC1B7C000009D2 /* ASIS3Bucket.m */; };
		15B4E65611EC1B7C000009D2 /* ASIS3BucketObject.m in Sources */ = {isa = PBXBuildFile; fileRef = 15B4E64411EC1B7C000009D2 /* ASIS3BucketObject.m */; };
		15B4E65711EC1B7C000009D2 /* ASIS3BucketRequest.m in Sources */ = {isa = PBXBuildFile; fileRef = 15B4E64611EC1B7C000009D2 /* ASIS3BucketRequest.m */; };
		15B4E65811EC1B7C000009D2 /* ASIS3ObjectRequest.m in Sources */ = {isa = PBXBuildFile; fileRef = 15B4E64811EC1B7C000009D2 /* ASIS3ObjectRequest.m */; };
		15B4E65911EC1B7C000009D2 /* ASIS3Request.m in Sources */ = {isa = PBXBuildFile; fileRef = 15B4E64A11EC1B7C000009D2 /* ASIS3Request.m */; };
		15B4E65A11EC1B7C000009D2 /* ASIS3ServiceRequest.m in Sources */ = {isa = PBXBuildFile; fileRef = 15B4E64C11EC1B7C000009D2 /* ASIS3ServiceRequest.m */; };
		15B4E65B11EC1B7C000009D2 /* Reachability.m in Sources */ = {isa = PBXBuildFile; fileRef = 15B4E64E11EC1B7C000009D2 /* Reachability.m */; };
		15B4E68C11EC1BED000009D2 /* CFNetwork.framework in Frameworks */ = {isa = PBXBuildFile; fileRef = 15B4E68B11EC1BED000009D2 /* CFNetwork.framework */; };
		15B4E68E11EC1BED000009D2 /* libz.1.2.3.dylib in Frameworks */ = {isa = PBXBuildFile; fileRef = 15B4E68D11EC1BED000009D2 /* libz.1.2.3.dylib */; };
		15B4E6A111EC1C0C000009D2 /* MobileCoreServices.framework in Frameworks */ = {isa = PBXBuildFile; fileRef = 15B4E6A011EC1C0C000009D2 /* MobileCoreServices.framework */; };
		15B4E6A711EC1C1E000009D2 /* SystemConfiguration.framework in Frameworks */ = {isa = PBXBuildFile; fileRef = 15B4E6A611EC1C1E000009D2 /* SystemConfiguration.framework */; };
		1D3623260D0F684500981E51 /* AppDelegate_iPad.m in Sources */ = {isa = PBXBuildFile; fileRef = 1D3623250D0F684500981E51 /* AppDelegate_iPad.m */; };
		1D60589B0D05DD56006BFB54 /* main.m in Sources */ = {isa = PBXBuildFile; fileRef = 29B97316FDCFA39411CA2CEA /* main.m */; };
		1D60589F0D05DD5A006BFB54 /* Foundation.framework in Frameworks */ = {isa = PBXBuildFile; fileRef = 1D30AB110D05D00D00671497 /* Foundation.framework */; };
		1DF5F4E00D08C38300B7A737 /* UIKit.framework in Frameworks */ = {isa = PBXBuildFile; fileRef = 1DF5F4DF0D08C38300B7A737 /* UIKit.framework */; };
		2819307D112F81BE00ECF9B4 /* CamFlow.xcdatamodeld in Sources */ = {isa = PBXBuildFile; fileRef = 2819307C112F81BE00ECF9B4 /* CamFlow.xcdatamodeld */; };
		2860E38A111B897F00E27156 /* AppDelegate_iPhone.m in Sources */ = {isa = PBXBuildFile; fileRef = 2860E388111B897F00E27156 /* AppDelegate_iPhone.m */; };
		2860E38B111B897F00E27156 /* MainWindow_iPhone.xib in Resources */ = {isa = PBXBuildFile; fileRef = 2860E389111B897F00E27156 /* MainWindow_iPhone.xib */; };
		288765FD0DF74451002DB57D /* CoreGraphics.framework in Frameworks */ = {isa = PBXBuildFile; fileRef = 288765FC0DF74451002DB57D /* CoreGraphics.framework */; };
		28AD733F0D9D9553002E5188 /* MainWindow_iPad.xib in Resources */ = {isa = PBXBuildFile; fileRef = 28AD733E0D9D9553002E5188 /* MainWindow_iPad.xib */; };
		28EEBFDD1118E19E00187D67 /* CoreData.framework in Frameworks */ = {isa = PBXBuildFile; fileRef = 28EEBFDC1118E19E00187D67 /* CoreData.framework */; };
		28EEC04B1118E28000187D67 /* AppDelegate_Shared.m in Sources */ = {isa = PBXBuildFile; fileRef = 28EEC04A1118E28000187D67 /* AppDelegate_Shared.m */; };
		E707CF5111E95C4700FCBAEE /* TopLevelMenu_iPhone.m in Sources */ = {isa = PBXBuildFile; fileRef = E707CF5011E95C4700FCBAEE /* TopLevelMenu_iPhone.m */; };
		E707CFA311E961E500FCBAEE /* FolderListTableViewController_iPhone.m in Sources */ = {isa = PBXBuildFile; fileRef = E707CFA211E961E500FCBAEE /* FolderListTableViewController_iPhone.m */; };
		E707D03011EA11DA00FCBAEE /* 45-movie1.png in Resources */ = {isa = PBXBuildFile; fileRef = E707D02D11EA11DA00FCBAEE /* 45-movie1.png */; };
		E707D03111EA11DA00FCBAEE /* 86-camera.png in Resources */ = {isa = PBXBuildFile; fileRef = E707D02E11EA11DA00FCBAEE /* 86-camera.png */; };
		E707D03211EA11DA00FCBAEE /* 111-user.png in Resources */ = {isa = PBXBuildFile; fileRef = E707D02F11EA11DA00FCBAEE /* 111-user.png */; };
/* End PBXBuildFile section */

/* Begin PBXFileReference section */
		15356AF611ED613A006F5F22 /* PairedDeviceObject.h */ = {isa = PBXFileReference; fileEncoding = 4; lastKnownFileType = sourcecode.c.h; path = PairedDeviceObject.h; sourceTree = "<group>"; };
		15356AF711ED613A006F5F22 /* PairedDeviceObject.m */ = {isa = PBXFileReference; fileEncoding = 4; lastKnownFileType = sourcecode.c.objc; path = PairedDeviceObject.m; sourceTree = "<group>"; };
		15356AF811ED613A006F5F22 /* ViewedImageObject.h */ = {isa = PBXFileReference; fileEncoding = 4; lastKnownFileType = sourcecode.c.h; path = ViewedImageObject.h; sourceTree = "<group>"; };
		15356AF911ED613A006F5F22 /* ViewedImageObject.m */ = {isa = PBXFileReference; fileEncoding = 4; lastKnownFileType = sourcecode.c.objc; path = ViewedImageObject.m; sourceTree = "<group>"; };
		15356AFA11ED613A006F5F22 /* CamFolderObject.h */ = {isa = PBXFileReference; fileEncoding = 4; lastKnownFileType = sourcecode.c.h; path = CamFolderObject.h; sourceTree = "<group>"; };
		15356AFB11ED613A006F5F22 /* CamFolderObject.m */ = {isa = PBXFileReference; fileEncoding = 4; lastKnownFileType = sourcecode.c.objc; path = CamFolderObject.m; sourceTree = "<group>"; };
		15B4E60F11EC16FB000009D2 /* CamFlowPhotoUploader.h */ = {isa = PBXFileReference; fileEncoding = 4; lastKnownFileType = sourcecode.c.h; path = CamFlowPhotoUploader.h; sourceTree = "<group>"; };
		15B4E61011EC16FB000009D2 /* CamFlowPhotoUploader.m */ = {isa = PBXFileReference; fileEncoding = 4; lastKnownFileType = sourcecode.c.objc; path = CamFlowPhotoUploader.m; sourceTree = "<group>"; };
		15B4E61511EC183D000009D2 /* UIImage+Resize.h */ = {isa = PBXFileReference; fileEncoding = 4; lastKnownFileType = sourcecode.c.h; name = "UIImage+Resize.h"; path = "Shared/Extensions/UIImage+Resize.h"; sourceTree = "<group>"; };
		15B4E61611EC183D000009D2 /* UIImage+Resize.m */ = {isa = PBXFileReference; fileEncoding = 4; lastKnownFileType = sourcecode.c.objc; name = "UIImage+Resize.m"; path = "Shared/Extensions/UIImage+Resize.m"; sourceTree = "<group>"; };
		15B4E61B11EC18E7000009D2 /* UIImage+Alpha.h */ = {isa = PBXFileReference; fileEncoding = 4; lastKnownFileType = sourcecode.c.h; name = "UIImage+Alpha.h"; path = "Shared/Extensions/UIImage+Alpha.h"; sourceTree = "<group>"; };
		15B4E61C11EC18E7000009D2 /* UIImage+Alpha.m */ = {isa = PBXFileReference; fileEncoding = 4; lastKnownFileType = sourcecode.c.objc; name = "UIImage+Alpha.m"; path = "Shared/Extensions/UIImage+Alpha.m"; sourceTree = "<group>"; };
		15B4E61D11EC18E7000009D2 /* UIImage+RoundedCorner.h */ = {isa = PBXFileReference; fileEncoding = 4; lastKnownFileType = sourcecode.c.h; name = "UIImage+RoundedCorner.h"; path = "Shared/Extensions/UIImage+RoundedCorner.h"; sourceTree = "<group>"; };
		15B4E61E11EC18E7000009D2 /* UIImage+RoundedCorner.m */ = {isa = PBXFileReference; fileEncoding = 4; lastKnownFileType = sourcecode.c.objc; name = "UIImage+RoundedCorner.m"; path = "Shared/Extensions/UIImage+RoundedCorner.m"; sourceTree = "<group>"; };
		15B4E63011EC1B7C000009D2 /* ASIAuthenticationDialog.h */ = {isa = PBXFileReference; fileEncoding = 4; lastKnownFileType = sourcecode.c.h; path = ASIAuthenticationDialog.h; sourceTree = "<group>"; };
		15B4E63111EC1B7C000009D2 /* ASIAuthenticationDialog.m */ = {isa = PBXFileReference; fileEncoding = 4; lastKnownFileType = sourcecode.c.objc; path = ASIAuthenticationDialog.m; sourceTree = "<group>"; };
		15B4E63211EC1B7C000009D2 /* ASICacheDelegate.h */ = {isa = PBXFileReference; fileEncoding = 4; lastKnownFileType = sourcecode.c.h; path = ASICacheDelegate.h; sourceTree = "<group>"; };
		15B4E63311EC1B7C000009D2 /* ASIDownloadCache.h */ = {isa = PBXFileReference; fileEncoding = 4; lastKnownFileType = sourcecode.c.h; path = ASIDownloadCache.h; sourceTree = "<group>"; };
		15B4E63411EC1B7C000009D2 /* ASIDownloadCache.m */ = {isa = PBXFileReference; fileEncoding = 4; lastKnownFileType = sourcecode.c.objc; path = ASIDownloadCache.m; sourceTree = "<group>"; };
		15B4E63511EC1B7C000009D2 /* ASIFormDataRequest.h */ = {isa = PBXFileReference; fileEncoding = 4; lastKnownFileType = sourcecode.c.h; path = ASIFormDataRequest.h; sourceTree = "<group>"; };
		15B4E63611EC1B7C000009D2 /* ASIFormDataRequest.m */ = {isa = PBXFileReference; fileEncoding = 4; lastKnownFileType = sourcecode.c.objc; path = ASIFormDataRequest.m; sourceTree = "<group>"; };
		15B4E63711EC1B7C000009D2 /* ASIHTTPRequest.h */ = {isa = PBXFileReference; fileEncoding = 4; lastKnownFileType = sourcecode.c.h; path = ASIHTTPRequest.h; sourceTree = "<group>"; };
		15B4E63811EC1B7C000009D2 /* ASIHTTPRequest.m */ = {isa = PBXFileReference; fileEncoding = 4; lastKnownFileType = sourcecode.c.objc; path = ASIHTTPRequest.m; sourceTree = "<group>"; };
		15B4E63911EC1B7C000009D2 /* ASIHTTPRequestConfig.h */ = {isa = PBXFileReference; fileEncoding = 4; lastKnownFileType = sourcecode.c.h; path = ASIHTTPRequestConfig.h; sourceTree = "<group>"; };
		15B4E63A11EC1B7C000009D2 /* ASIHTTPRequestDelegate.h */ = {isa = PBXFileReference; fileEncoding = 4; lastKnownFileType = sourcecode.c.h; path = ASIHTTPRequestDelegate.h; sourceTree = "<group>"; };
		15B4E63B11EC1B7C000009D2 /* ASIInputStream.h */ = {isa = PBXFileReference; fileEncoding = 4; lastKnownFileType = sourcecode.c.h; path = ASIInputStream.h; sourceTree = "<group>"; };
		15B4E63C11EC1B7C000009D2 /* ASIInputStream.m */ = {isa = PBXFileReference; fileEncoding = 4; lastKnownFileType = sourcecode.c.objc; path = ASIInputStream.m; sourceTree = "<group>"; };
		15B4E63D11EC1B7C000009D2 /* ASINetworkQueue.h */ = {isa = PBXFileReference; fileEncoding = 4; lastKnownFileType = sourcecode.c.h; path = ASINetworkQueue.h; sourceTree = "<group>"; };
		15B4E63E11EC1B7C000009D2 /* ASINetworkQueue.m */ = {isa = PBXFileReference; fileEncoding = 4; lastKnownFileType = sourcecode.c.objc; path = ASINetworkQueue.m; sourceTree = "<group>"; };
		15B4E63F11EC1B7C000009D2 /* ASINSXMLParserCompat.h */ = {isa = PBXFileReference; fileEncoding = 4; lastKnownFileType = sourcecode.c.h; path = ASINSXMLParserCompat.h; sourceTree = "<group>"; };
		15B4E64011EC1B7C000009D2 /* ASIProgressDelegate.h */ = {isa = PBXFileReference; fileEncoding = 4; lastKnownFileType = sourcecode.c.h; path = ASIProgressDelegate.h; sourceTree = "<group>"; };
		15B4E64111EC1B7C000009D2 /* ASIS3Bucket.h */ = {isa = PBXFileReference; fileEncoding = 4; lastKnownFileType = sourcecode.c.h; path = ASIS3Bucket.h; sourceTree = "<group>"; };
		15B4E64211EC1B7C000009D2 /* ASIS3Bucket.m */ = {isa = PBXFileReference; fileEncoding = 4; lastKnownFileType = sourcecode.c.objc; path = ASIS3Bucket.m; sourceTree = "<group>"; };
		15B4E64311EC1B7C000009D2 /* ASIS3BucketObject.h */ = {isa = PBXFileReference; fileEncoding = 4; lastKnownFileType = sourcecode.c.h; path = ASIS3BucketObject.h; sourceTree = "<group>"; };
		15B4E64411EC1B7C000009D2 /* ASIS3BucketObject.m */ = {isa = PBXFileReference; fileEncoding = 4; lastKnownFileType = sourcecode.c.objc; path = ASIS3BucketObject.m; sourceTree = "<group>"; };
		15B4E64511EC1B7C000009D2 /* ASIS3BucketRequest.h */ = {isa = PBXFileReference; fileEncoding = 4; lastKnownFileType = sourcecode.c.h; path = ASIS3BucketRequest.h; sourceTree = "<group>"; };
		15B4E64611EC1B7C000009D2 /* ASIS3BucketRequest.m */ = {isa = PBXFileReference; fileEncoding = 4; lastKnownFileType = sourcecode.c.objc; path = ASIS3BucketRequest.m; sourceTree = "<group>"; };
		15B4E64711EC1B7C000009D2 /* ASIS3ObjectRequest.h */ = {isa = PBXFileReference; fileEncoding = 4; lastKnownFileType = sourcecode.c.h; path = ASIS3ObjectRequest.h; sourceTree = "<group>"; };
		15B4E64811EC1B7C000009D2 /* ASIS3ObjectRequest.m */ = {isa = PBXFileReference; fileEncoding = 4; lastKnownFileType = sourcecode.c.objc; path = ASIS3ObjectRequest.m; sourceTree = "<group>"; };
		15B4E64911EC1B7C000009D2 /* ASIS3Request.h */ = {isa = PBXFileReference; fileEncoding = 4; lastKnownFileType = sourcecode.c.h; path = ASIS3Request.h; sourceTree = "<group>"; };
		15B4E64A11EC1B7C000009D2 /* ASIS3Request.m */ = {isa = PBXFileReference; fileEncoding = 4; lastKnownFileType = sourcecode.c.objc; path = ASIS3Request.m; sourceTree = "<group>"; };
		15B4E64B11EC1B7C000009D2 /* ASIS3ServiceRequest.h */ = {isa = PBXFileReference; fileEncoding = 4; lastKnownFileType = sourcecode.c.h; path = ASIS3ServiceRequest.h; sourceTree = "<group>"; };
		15B4E64C11EC1B7C000009D2 /* ASIS3ServiceRequest.m */ = {isa = PBXFileReference; fileEncoding = 4; lastKnownFileType = sourcecode.c.objc; path = ASIS3ServiceRequest.m; sourceTree = "<group>"; };
		15B4E64D11EC1B7C000009D2 /* Reachability.h */ = {isa = PBXFileReference; fileEncoding = 4; lastKnownFileType = sourcecode.c.h; path = Reachability.h; sourceTree = "<group>"; };
		15B4E64E11EC1B7C000009D2 /* Reachability.m */ = {isa = PBXFileReference; fileEncoding = 4; lastKnownFileType = sourcecode.c.objc; path = Reachability.m; sourceTree = "<group>"; };
		15B4E68B11EC1BED000009D2 /* CFNetwork.framework */ = {isa = PBXFileReference; lastKnownFileType = wrapper.framework; name = CFNetwork.framework; path = System/Library/Frameworks/CFNetwork.framework; sourceTree = SDKROOT; };
		15B4E68D11EC1BED000009D2 /* libz.1.2.3.dylib */ = {isa = PBXFileReference; lastKnownFileType = "compiled.mach-o.dylib"; name = libz.1.2.3.dylib; path = usr/lib/libz.1.2.3.dylib; sourceTree = SDKROOT; };
		15B4E6A011EC1C0C000009D2 /* MobileCoreServices.framework */ = {isa = PBXFileReference; lastKnownFileType = wrapper.framework; name = MobileCoreServices.framework; path = System/Library/Frameworks/MobileCoreServices.framework; sourceTree = SDKROOT; };
		15B4E6A611EC1C1E000009D2 /* SystemConfiguration.framework */ = {isa = PBXFileReference; lastKnownFileType = wrapper.framework; name = SystemConfiguration.framework; path = System/Library/Frameworks/SystemConfiguration.framework; sourceTree = SDKROOT; };
		1D30AB110D05D00D00671497 /* Foundation.framework */ = {isa = PBXFileReference; lastKnownFileType = wrapper.framework; name = Foundation.framework; path = System/Library/Frameworks/Foundation.framework; sourceTree = SDKROOT; };
		1D3623240D0F684500981E51 /* AppDelegate_iPad.h */ = {isa = PBXFileReference; fileEncoding = 4; lastKnownFileType = sourcecode.c.h; name = AppDelegate_iPad.h; path = iPad/AppDelegate_iPad.h; sourceTree = "<group>"; };
		1D3623250D0F684500981E51 /* AppDelegate_iPad.m */ = {isa = PBXFileReference; fileEncoding = 4; lastKnownFileType = sourcecode.c.objc; name = AppDelegate_iPad.m; path = iPad/AppDelegate_iPad.m; sourceTree = "<group>"; };
		1D6058910D05DD3D006BFB54 /* CamFlow.app */ = {isa = PBXFileReference; explicitFileType = wrapper.application; includeInIndex = 0; path = CamFlow.app; sourceTree = BUILT_PRODUCTS_DIR; };
		1DF5F4DF0D08C38300B7A737 /* UIKit.framework */ = {isa = PBXFileReference; lastKnownFileType = wrapper.framework; name = UIKit.framework; path = System/Library/Frameworks/UIKit.framework; sourceTree = SDKROOT; };
		2860E387111B897F00E27156 /* AppDelegate_iPhone.h */ = {isa = PBXFileReference; fileEncoding = 4; lastKnownFileType = sourcecode.c.h; path = AppDelegate_iPhone.h; sourceTree = "<group>"; };
		2860E388111B897F00E27156 /* AppDelegate_iPhone.m */ = {isa = PBXFileReference; fileEncoding = 4; lastKnownFileType = sourcecode.c.objc; path = AppDelegate_iPhone.m; sourceTree = "<group>"; };
		2860E389111B897F00E27156 /* MainWindow_iPhone.xib */ = {isa = PBXFileReference; lastKnownFileType = file.xib; path = MainWindow_iPhone.xib; sourceTree = "<group>"; };
		2870939E111907710040F596 /* CamFlow.xcdatamodel */ = {isa = PBXFileReference; fileEncoding = 4; lastKnownFileType = wrapper.xcdatamodel; path = CamFlow.xcdatamodel; sourceTree = "<group>"; };
		288765FC0DF74451002DB57D /* CoreGraphics.framework */ = {isa = PBXFileReference; lastKnownFileType = wrapper.framework; name = CoreGraphics.framework; path = System/Library/Frameworks/CoreGraphics.framework; sourceTree = SDKROOT; };
		28AD733E0D9D9553002E5188 /* MainWindow_iPad.xib */ = {isa = PBXFileReference; lastKnownFileType = file.xib; name = MainWindow_iPad.xib; path = iPad/MainWindow_iPad.xib; sourceTree = "<group>"; };
		28EEBFDC1118E19E00187D67 /* CoreData.framework */ = {isa = PBXFileReference; lastKnownFileType = wrapper.framework; name = CoreData.framework; path = System/Library/Frameworks/CoreData.framework; sourceTree = SDKROOT; };
		28EEC0491118E28000187D67 /* AppDelegate_Shared.h */ = {isa = PBXFileReference; fileEncoding = 4; lastKnownFileType = sourcecode.c.h; name = AppDelegate_Shared.h; path = Shared/AppDelegate_Shared.h; sourceTree = "<group>"; };
		28EEC04A1118E28000187D67 /* AppDelegate_Shared.m */ = {isa = PBXFileReference; fileEncoding = 4; lastKnownFileType = sourcecode.c.objc; name = AppDelegate_Shared.m; path = Shared/AppDelegate_Shared.m; sourceTree = "<group>"; };
		29B97316FDCFA39411CA2CEA /* main.m */ = {isa = PBXFileReference; fileEncoding = 4; lastKnownFileType = sourcecode.c.objc; name = main.m; path = Shared/main.m; sourceTree = "<group>"; };
		32CA4F630368D1EE00C91783 /* CamFlow_Prefix.pch */ = {isa = PBXFileReference; fileEncoding = 4; lastKnownFileType = sourcecode.c.h; path = CamFlow_Prefix.pch; sourceTree = "<group>"; };
		8D1107310486CEB800E47090 /* CamFlow-Info.plist */ = {isa = PBXFileReference; fileEncoding = 4; lastKnownFileType = text.plist.xml; path = "CamFlow-Info.plist"; plistStructureDefinitionIdentifier = "com.apple.xcode.plist.structure-definition.iphone.info-plist"; sourceTree = "<group>"; };
		E707CF4F11E95C4700FCBAEE /* TopLevelMenu_iPhone.h */ = {isa = PBXFileReference; fileEncoding = 4; lastKnownFileType = sourcecode.c.h; name = TopLevelMenu_iPhone.h; path = TableControllers/TopLevelMenu_iPhone.h; sourceTree = "<group>"; };
		E707CF5011E95C4700FCBAEE /* TopLevelMenu_iPhone.m */ = {isa = PBXFileReference; fileEncoding = 4; lastKnownFileType = sourcecode.c.objc; name = TopLevelMenu_iPhone.m; path = TableControllers/TopLevelMenu_iPhone.m; sourceTree = "<group>"; };
		E707CFA111E961E500FCBAEE /* FolderListTableViewController_iPhone.h */ = {isa = PBXFileReference; fileEncoding = 4; lastKnownFileType = sourcecode.c.h; name = FolderListTableViewController_iPhone.h; path = TableControllers/FolderListTableViewController_iPhone.h; sourceTree = "<group>"; };
		E707CFA211E961E500FCBAEE /* FolderListTableViewController_iPhone.m */ = {isa = PBXFileReference; fileEncoding = 4; lastKnownFileType = sourcecode.c.objc; name = FolderListTableViewController_iPhone.m; path = TableControllers/FolderListTableViewController_iPhone.m; sourceTree = "<group>"; };
		E707D02D11EA11DA00FCBAEE /* 45-movie1.png */ = {isa = PBXFileReference; lastKnownFileType = image.png; name = "45-movie1.png"; path = "Resources/45-movie1.png"; sourceTree = "<group>"; };
		E707D02E11EA11DA00FCBAEE /* 86-camera.png */ = {isa = PBXFileReference; lastKnownFileType = image.png; name = "86-camera.png"; path = "Resources/86-camera.png"; sourceTree = "<group>"; };
		E707D02F11EA11DA00FCBAEE /* 111-user.png */ = {isa = PBXFileReference; lastKnownFileType = image.png; name = "111-user.png"; path = "Resources/111-user.png"; sourceTree = "<group>"; };
/* End PBXFileReference section */

/* Begin PBXFrameworksBuildPhase section */
		1D60588F0D05DD3D006BFB54 /* Frameworks */ = {
			isa = PBXFrameworksBuildPhase;
			buildActionMask = 2147483647;
			files = (
				1D60589F0D05DD5A006BFB54 /* Foundation.framework in Frameworks */,
				1DF5F4E00D08C38300B7A737 /* UIKit.framework in Frameworks */,
				288765FD0DF74451002DB57D /* CoreGraphics.framework in Frameworks */,
				28EEBFDD1118E19E00187D67 /* CoreData.framework in Frameworks */,
				15B4E68C11EC1BED000009D2 /* CFNetwork.framework in Frameworks */,
				15B4E68E11EC1BED000009D2 /* libz.1.2.3.dylib in Frameworks */,
				15B4E6A111EC1C0C000009D2 /* MobileCoreServices.framework in Frameworks */,
				15B4E6A711EC1C1E000009D2 /* SystemConfiguration.framework in Frameworks */,
			);
			runOnlyForDeploymentPostprocessing = 0;
		};
/* End PBXFrameworksBuildPhase section */

/* Begin PBXGroup section */
		15B4E61411EC181B000009D2 /* Extensions */ = {
			isa = PBXGroup;
			children = (
				15B4E61B11EC18E7000009D2 /* UIImage+Alpha.h */,
				15B4E61C11EC18E7000009D2 /* UIImage+Alpha.m */,
				15B4E61D11EC18E7000009D2 /* UIImage+RoundedCorner.h */,
				15B4E61E11EC18E7000009D2 /* UIImage+RoundedCorner.m */,
				15B4E61511EC183D000009D2 /* UIImage+Resize.h */,
				15B4E61611EC183D000009D2 /* UIImage+Resize.m */,
			);
			name = Extensions;
			sourceTree = "<group>";
		};
		15B4E62F11EC1B7C000009D2 /* S3 */ = {
			isa = PBXGroup;
			children = (
				15B4E63011EC1B7C000009D2 /* ASIAuthenticationDialog.h */,
				15B4E63111EC1B7C000009D2 /* ASIAuthenticationDialog.m */,
				15B4E63211EC1B7C000009D2 /* ASICacheDelegate.h */,
				15B4E63311EC1B7C000009D2 /* ASIDownloadCache.h */,
				15B4E63411EC1B7C000009D2 /* ASIDownloadCache.m */,
				15B4E63511EC1B7C000009D2 /* ASIFormDataRequest.h */,
				15B4E63611EC1B7C000009D2 /* ASIFormDataRequest.m */,
				15B4E63711EC1B7C000009D2 /* ASIHTTPRequest.h */,
				15B4E63811EC1B7C000009D2 /* ASIHTTPRequest.m */,
				15B4E63911EC1B7C000009D2 /* ASIHTTPRequestConfig.h */,
				15B4E63A11EC1B7C000009D2 /* ASIHTTPRequestDelegate.h */,
				15B4E63B11EC1B7C000009D2 /* ASIInputStream.h */,
				15B4E63C11EC1B7C000009D2 /* ASIInputStream.m */,
				15B4E63D11EC1B7C000009D2 /* ASINetworkQueue.h */,
				15B4E63E11EC1B7C000009D2 /* ASINetworkQueue.m */,
				15B4E63F11EC1B7C000009D2 /* ASINSXMLParserCompat.h */,
				15B4E64011EC1B7C000009D2 /* ASIProgressDelegate.h */,
				15B4E64111EC1B7C000009D2 /* ASIS3Bucket.h */,
				15B4E64211EC1B7C000009D2 /* ASIS3Bucket.m */,
				15B4E64311EC1B7C000009D2 /* ASIS3BucketObject.h */,
				15B4E64411EC1B7C000009D2 /* ASIS3BucketObject.m */,
				15B4E64511EC1B7C000009D2 /* ASIS3BucketRequest.h */,
				15B4E64611EC1B7C000009D2 /* ASIS3BucketRequest.m */,
				15B4E64711EC1B7C000009D2 /* ASIS3ObjectRequest.h */,
				15B4E64811EC1B7C000009D2 /* ASIS3ObjectRequest.m */,
				15B4E64911EC1B7C000009D2 /* ASIS3Request.h */,
				15B4E64A11EC1B7C000009D2 /* ASIS3Request.m */,
				15B4E64B11EC1B7C000009D2 /* ASIS3ServiceRequest.h */,
				15B4E64C11EC1B7C000009D2 /* ASIS3ServiceRequest.m */,
				15B4E64D11EC1B7C000009D2 /* Reachability.h */,
				15B4E64E11EC1B7C000009D2 /* Reachability.m */,
			);
			path = S3;
			sourceTree = "<group>";
		};
		19C28FACFE9D520D11CA2CBB /* Products */ = {
			isa = PBXGroup;
			children = (
				1D6058910D05DD3D006BFB54 /* CamFlow.app */,
			);
			name = Products;
			sourceTree = "<group>";
		};
		2860E386111B897F00E27156 /* iPhone */ = {
			isa = PBXGroup;
			children = (
				E707CF4E11E95BF600FCBAEE /* TableControllers */,
				2860E387111B897F00E27156 /* AppDelegate_iPhone.h */,
				2860E388111B897F00E27156 /* AppDelegate_iPhone.m */,
				2860E389111B897F00E27156 /* MainWindow_iPhone.xib */,
			);
			path = iPhone;
			sourceTree = "<group>";
		};
		28EEBF621118D79A00187D67 /* Shared */ = {
			isa = PBXGroup;
			children = (
				15B4E62F11EC1B7C000009D2 /* S3 */,
				15B4E61411EC181B000009D2 /* Extensions */,
				2819307C112F81BE00ECF9B4 /* CamFlow.xcdatamodeld */,
				28EEC0491118E28000187D67 /* AppDelegate_Shared.h */,
				28EEC04A1118E28000187D67 /* AppDelegate_Shared.m */,
				8D1107310486CEB800E47090 /* CamFlow-Info.plist */,
				15B4E60F11EC16FB000009D2 /* CamFlowPhotoUploader.h */,
				15B4E61011EC16FB000009D2 /* CamFlowPhotoUploader.m */,
			);
			name = Shared;
			sourceTree = "<group>";
		};
		29B97314FDCFA39411CA2CEA /* CustomTemplate */ = {
			isa = PBXGroup;
			children = (
				E707D02C11EA11BC00FCBAEE /* Resources */,
				2860E386111B897F00E27156 /* iPhone */,
				29B97317FDCFA39411CA2CEA /* iPad */,
				28EEBF621118D79A00187D67 /* Shared */,
				29B97315FDCFA39411CA2CEA /* Other Sources */,
				29B97323FDCFA39411CA2CEA /* Frameworks */,
				19C28FACFE9D520D11CA2CBB /* Products */,
			);
			name = CustomTemplate;
			sourceTree = "<group>";
		};
		29B97315FDCFA39411CA2CEA /* Other Sources */ = {
			isa = PBXGroup;
			children = (
				32CA4F630368D1EE00C91783 /* CamFlow_Prefix.pch */,
				29B97316FDCFA39411CA2CEA /* main.m */,
			);
			name = "Other Sources";
			sourceTree = "<group>";
		};
		29B97317FDCFA39411CA2CEA /* iPad */ = {
			isa = PBXGroup;
			children = (
				1D3623240D0F684500981E51 /* AppDelegate_iPad.h */,
				1D3623250D0F684500981E51 /* AppDelegate_iPad.m */,
				28AD733E0D9D9553002E5188 /* MainWindow_iPad.xib */,
			);
			name = iPad;
			sourceTree = "<group>";
		};
		29B97323FDCFA39411CA2CEA /* Frameworks */ = {
			isa = PBXGroup;
			children = (
				15B4E68D11EC1BED000009D2 /* libz.1.2.3.dylib */,
				15B4E68B11EC1BED000009D2 /* CFNetwork.framework */,
				1DF5F4DF0D08C38300B7A737 /* UIKit.framework */,
				1D30AB110D05D00D00671497 /* Foundation.framework */,
				288765FC0DF74451002DB57D /* CoreGraphics.framework */,
				28EEBFDC1118E19E00187D67 /* CoreData.framework */,
				15B4E6A011EC1C0C000009D2 /* MobileCoreServices.framework */,
				15B4E6A611EC1C1E000009D2 /* SystemConfiguration.framework */,
			);
			name = Frameworks;
			sourceTree = "<group>";
		};
		E707CF4E11E95BF600FCBAEE /* TableControllers */ = {
			isa = PBXGroup;
			children = (
				E707CF4F11E95C4700FCBAEE /* TopLevelMenu_iPhone.h */,
				E707CF5011E95C4700FCBAEE /* TopLevelMenu_iPhone.m */,
				E707CFA111E961E500FCBAEE /* FolderListTableViewController_iPhone.h */,
				E707CFA211E961E500FCBAEE /* FolderListTableViewController_iPhone.m */,
			);
			name = TableControllers;
			sourceTree = "<group>";
		};
		E707D02C11EA11BC00FCBAEE /* Resources */ = {
			isa = PBXGroup;
			children = (
				E707D02D11EA11DA00FCBAEE /* 45-movie1.png */,
				E707D02E11EA11DA00FCBAEE /* 86-camera.png */,
				E707D02F11EA11DA00FCBAEE /* 111-user.png */,
			);
			name = Resources;
			sourceTree = "<group>";
		};
/* End PBXGroup section */

/* Begin PBXNativeTarget section */
		1D6058900D05DD3D006BFB54 /* CamFlow */ = {
			isa = PBXNativeTarget;
			buildConfigurationList = 1D6058960D05DD3E006BFB54 /* Build configuration list for PBXNativeTarget "CamFlow" */;
			buildPhases = (
				1D60588D0D05DD3D006BFB54 /* Resources */,
				1D60588E0D05DD3D006BFB54 /* Sources */,
				1D60588F0D05DD3D006BFB54 /* Frameworks */,
			);
			buildRules = (
			);
			dependencies = (
			);
			name = CamFlow;
			productName = CamFlow;
			productReference = 1D6058910D05DD3D006BFB54 /* CamFlow.app */;
			productType = "com.apple.product-type.application";
		};
/* End PBXNativeTarget section */

/* Begin PBXProject section */
		29B97313FDCFA39411CA2CEA /* Project object */ = {
			isa = PBXProject;
			attributes = {
				ORGANIZATIONNAME = "Mount Diablo Software";
			};
			buildConfigurationList = C01FCF4E08A954540054247B /* Build configuration list for PBXProject "CamFlow" */;
			compatibilityVersion = "Xcode 3.1";
			hasScannedForEncodings = 1;
			mainGroup = 29B97314FDCFA39411CA2CEA /* CustomTemplate */;
			projectDirPath = "";
			projectRoot = "";
			targets = (
				1D6058900D05DD3D006BFB54 /* CamFlow */,
			);
		};
/* End PBXProject section */

/* Begin PBXResourcesBuildPhase section */
		1D60588D0D05DD3D006BFB54 /* Resources */ = {
			isa = PBXResourcesBuildPhase;
			buildActionMask = 2147483647;
			files = (
				28AD733F0D9D9553002E5188 /* MainWindow_iPad.xib in Resources */,
				2860E38B111B897F00E27156 /* MainWindow_iPhone.xib in Resources */,
				E707D03011EA11DA00FCBAEE /* 45-movie1.png in Resources */,
				E707D03111EA11DA00FCBAEE /* 86-camera.png in Resources */,
				E707D03211EA11DA00FCBAEE /* 111-user.png in Resources */,
			);
			runOnlyForDeploymentPostprocessing = 0;
		};
/* End PBXResourcesBuildPhase section */

/* Begin PBXSourcesBuildPhase section */
		1D60588E0D05DD3D006BFB54 /* Sources */ = {
			isa = PBXSourcesBuildPhase;
			buildActionMask = 2147483647;
			files = (
				1D60589B0D05DD56006BFB54 /* main.m in Sources */,
				1D3623260D0F684500981E51 /* AppDelegate_iPad.m in Sources */,
				28EEC04B1118E28000187D67 /* AppDelegate_Shared.m in Sources */,
				2819307D112F81BE00ECF9B4 /* CamFlow.xcdatamodeld in Sources */,
				2860E38A111B897F00E27156 /* AppDelegate_iPhone.m in Sources */,
				E707CF5111E95C4700FCBAEE /* TopLevelMenu_iPhone.m in Sources */,
				E707CFA311E961E500FCBAEE /* FolderListTableViewController_iPhone.m in Sources */,
				15B4E61111EC16FB000009D2 /* CamFlowPhotoUploader.m in Sources */,
				15B4E61711EC183D000009D2 /* UIImage+Resize.m in Sources */,
				15B4E61F11EC18E7000009D2 /* UIImage+Alpha.m in Sources */,
				15B4E62011EC18E7000009D2 /* UIImage+RoundedCorner.m in Sources */,
				15B4E64F11EC1B7C000009D2 /* ASIAuthenticationDialog.m in Sources */,
				15B4E65011EC1B7C000009D2 /* ASIDownloadCache.m in Sources */,
				15B4E65111EC1B7C000009D2 /* ASIFormDataRequest.m in Sources */,
				15B4E65211EC1B7C000009D2 /* ASIHTTPRequest.m in Sources */,
				15B4E65311EC1B7C000009D2 /* ASIInputStream.m in Sources */,
				15B4E65411EC1B7C000009D2 /* ASINetworkQueue.m in Sources */,
				15B4E65511EC1B7C000009D2 /* ASIS3Bucket.m in Sources */,
				15B4E65611EC1B7C000009D2 /* ASIS3BucketObject.m in Sources */,
				15B4E65711EC1B7C000009D2 /* ASIS3BucketRequest.m in Sources */,
				15B4E65811EC1B7C000009D2 /* ASIS3ObjectRequest.m in Sources */,
				15B4E65911EC1B7C000009D2 /* ASIS3Request.m in Sources */,
				15B4E65A11EC1B7C000009D2 /* ASIS3ServiceRequest.m in Sources */,
				15B4E65B11EC1B7C000009D2 /* Reachability.m in Sources */,
				15356AFC11ED613A006F5F22 /* PairedDeviceObject.m in Sources */,
				15356AFD11ED613A006F5F22 /* ViewedImageObject.m in Sources */,
				15356AFE11ED613A006F5F22 /* CamFolderObject.m in Sources */,
			);
			runOnlyForDeploymentPostprocessing = 0;
		};
/* End PBXSourcesBuildPhase section */

/* Begin XCBuildConfiguration section */
		1D6058940D05DD3E006BFB54 /* Debug */ = {
			isa = XCBuildConfiguration;
			buildSettings = {
				ALWAYS_SEARCH_USER_PATHS = NO;
				COPY_PHASE_STRIP = NO;
				GCC_DYNAMIC_NO_PIC = NO;
				GCC_OPTIMIZATION_LEVEL = 0;
				GCC_PRECOMPILE_PREFIX_HEADER = YES;
				GCC_PREFIX_HEADER = CamFlow_Prefix.pch;
				INFOPLIST_FILE = "CamFlow-Info.plist";
				PRODUCT_NAME = CamFlow;
			};
			name = Debug;
		};
		1D6058950D05DD3E006BFB54 /* Release */ = {
			isa = XCBuildConfiguration;
			buildSettings = {
				ALWAYS_SEARCH_USER_PATHS = NO;
				COPY_PHASE_STRIP = YES;
				GCC_PRECOMPILE_PREFIX_HEADER = YES;
				GCC_PREFIX_HEADER = CamFlow_Prefix.pch;
				INFOPLIST_FILE = "CamFlow-Info.plist";
				PRODUCT_NAME = CamFlow;
				VALIDATE_PRODUCT = YES;
			};
			name = Release;
		};
		C01FCF4F08A954540054247B /* Debug */ = {
			isa = XCBuildConfiguration;
			buildSettings = {
				ARCHS = "$(ARCHS_STANDARD_32_BIT)";
				"CODE_SIGN_IDENTITY[sdk=iphoneos*]" = "iPhone Developer";
				GCC_C_LANGUAGE_STANDARD = c99;
				GCC_WARN_ABOUT_RETURN_TYPE = YES;
				GCC_WARN_UNUSED_VARIABLE = YES;
				IPHONEOS_DEPLOYMENT_TARGET = 3.2;
				PREBINDING = NO;
				SDKROOT = iphoneos4.0;
				TARGETED_DEVICE_FAMILY = "1,2";
			};
			name = Debug;
		};
		C01FCF5008A954540054247B /* Release */ = {
			isa = XCBuildConfiguration;
			buildSettings = {
				ARCHS = "$(ARCHS_STANDARD_32_BIT)";
				"CODE_SIGN_IDENTITY[sdk=iphoneos*]" = "iPhone Developer";
				GCC_C_LANGUAGE_STANDARD = c99;
				GCC_WARN_ABOUT_RETURN_TYPE = YES;
				GCC_WARN_UNUSED_VARIABLE = YES;
				IPHONEOS_DEPLOYMENT_TARGET = 3.2;
				OTHER_CFLAGS = "-DNS_BLOCK_ASSERTIONS=1";
				PREBINDING = NO;
				SDKROOT = iphoneos4.0;
				TARGETED_DEVICE_FAMILY = "1,2";
			};
			name = Release;
		};
/* End XCBuildConfiguration section */

/* Begin XCConfigurationList section */
		1D6058960D05DD3E006BFB54 /* Build configuration list for PBXNativeTarget "CamFlow" */ = {
			isa = XCConfigurationList;
			buildConfigurations = (
				1D6058940D05DD3E006BFB54 /* Debug */,
				1D6058950D05DD3E006BFB54 /* Release */,
			);
			defaultConfigurationIsVisible = 0;
			defaultConfigurationName = Release;
		};
		C01FCF4E08A954540054247B /* Build configuration list for PBXProject "CamFlow" */ = {
			isa = XCConfigurationList;
			buildConfigurations = (
				C01FCF4F08A954540054247B /* Debug */,
				C01FCF5008A954540054247B /* Release */,
			);
			defaultConfigurationIsVisible = 0;
			defaultConfigurationName = Release;
		};
/* End XCConfigurationList section */

/* Begin XCVersionGroup section */
		2819307C112F81BE00ECF9B4 /* CamFlow.xcdatamodeld */ = {
			isa = XCVersionGroup;
			children = (
				15356AF611ED613A006F5F22 /* PairedDeviceObject.h */,
				15356AF711ED613A006F5F22 /* PairedDeviceObject.m */,
				15356AF811ED613A006F5F22 /* ViewedImageObject.h */,
				15356AF911ED613A006F5F22 /* ViewedImageObject.m */,
				15356AFA11ED613A006F5F22 /* CamFolderObject.h */,
				15356AFB11ED613A006F5F22 /* CamFolderObject.m */,
				2870939E111907710040F596 /* CamFlow.xcdatamodel */,
			);
			currentVersion = 2870939E111907710040F596 /* CamFlow.xcdatamodel */;
			name = CamFlow.xcdatamodeld;
			path = Shared/CamFlow.xcdatamodeld;
			sourceTree = "<group>";
			versionGroupType = wrapper.xcdatamodel;
		};
/* End XCVersionGroup section */
	};
	rootObject = 29B97313FDCFA39411CA2CEA /* Project object */;
}
