// !$*UTF8*$!
{
	archiveVersion = 1;
	classes = {
	};
	objectVersion = 45;
	objects = {

/* Begin PBXBuildFile section */
		15362AC811D26A5300F63E59 /* GameRunObject.m in Sources */ = {isa = PBXBuildFile; fileRef = 15362AC711D26A5300F63E59 /* GameRunObject.m */; };
		15362BE011D2924B00F63E59 /* GameStatusHUDView.m in Sources */ = {isa = PBXBuildFile; fileRef = 15362BDF11D2924B00F63E59 /* GameStatusHUDView.m */; };
		15362C1411D2955100F63E59 /* HardwareStatusView.m in Sources */ = {isa = PBXBuildFile; fileRef = 15362C1311D2955100F63E59 /* HardwareStatusView.m */; };
		15362C1711D2955E00F63E59 /* HardwareObject+Extensions.m in Sources */ = {isa = PBXBuildFile; fileRef = 15362C1611D2955E00F63E59 /* HardwareObject+Extensions.m */; };
		153E577411C934AB00DCDAC0 /* Scavenger_iPad.xcdatamodeld in Sources */ = {isa = PBXBuildFile; fileRef = 153E577211C934AB00DCDAC0 /* Scavenger_iPad.xcdatamodeld */; };
		153E578C11C934BC00DCDAC0 /* ActiveLocationObject.m in Sources */ = {isa = PBXBuildFile; fileRef = 153E577911C934BC00DCDAC0 /* ActiveLocationObject.m */; };
		153E578D11C934BC00DCDAC0 /* PlayerLocationObject.m in Sources */ = {isa = PBXBuildFile; fileRef = 153E577B11C934BC00DCDAC0 /* PlayerLocationObject.m */; };
		153E578E11C934BC00DCDAC0 /* QuestionObject.m in Sources */ = {isa = PBXBuildFile; fileRef = 153E577D11C934BC00DCDAC0 /* QuestionObject.m */; };
		153E578F11C934BC00DCDAC0 /* AnswerObject.m in Sources */ = {isa = PBXBuildFile; fileRef = 153E577F11C934BC00DCDAC0 /* AnswerObject.m */; };
		153E579111C934BC00DCDAC0 /* LocationOrderObject.m in Sources */ = {isa = PBXBuildFile; fileRef = 153E578311C934BC00DCDAC0 /* LocationOrderObject.m */; };
		153E579511C934BC00DCDAC0 /* HardwareObject.m in Sources */ = {isa = PBXBuildFile; fileRef = 153E578B11C934BC00DCDAC0 /* HardwareObject.m */; };
		153E57B311C944FE00DCDAC0 /* GameListViewController.m in Sources */ = {isa = PBXBuildFile; fileRef = 153E57B111C944FE00DCDAC0 /* GameListViewController.m */; };
		153E57B411C944FE00DCDAC0 /* GameListViewController.xib in Resources */ = {isa = PBXBuildFile; fileRef = 153E57B211C944FE00DCDAC0 /* GameListViewController.xib */; };
		153E57CE11C9478A00DCDAC0 /* MapKit.framework in Frameworks */ = {isa = PBXBuildFile; fileRef = 153E57CD11C9478A00DCDAC0 /* MapKit.framework */; };
		153E58A211C9666C00DCDAC0 /* CoreLocation.framework in Frameworks */ = {isa = PBXBuildFile; fileRef = 153E58A111C9666B00DCDAC0 /* CoreLocation.framework */; };
		153E58DE11C9D12D00DCDAC0 /* GameObject+Extensions.m in Sources */ = {isa = PBXBuildFile; fileRef = 153E58DD11C9D12D00DCDAC0 /* GameObject+Extensions.m */; };
		153E594A11C9DB2800DCDAC0 /* LocationObject+Extensions.m in Sources */ = {isa = PBXBuildFile; fileRef = 153E594911C9DB2800DCDAC0 /* LocationObject+Extensions.m */; };
		153E59EF11CA6EC900DCDAC0 /* GameEditViewController.m in Sources */ = {isa = PBXBuildFile; fileRef = 153E59ED11CA6EC900DCDAC0 /* GameEditViewController.m */; };
		153E59F011CA6EC900DCDAC0 /* GameEditViewController.xib in Resources */ = {isa = PBXBuildFile; fileRef = 153E59EE11CA6EC900DCDAC0 /* GameEditViewController.xib */; };
		153E5A0411CA704600DCDAC0 /* LocationOverlayView.m in Sources */ = {isa = PBXBuildFile; fileRef = 153E5A0211CA704600DCDAC0 /* LocationOverlayView.m */; };
		153E5A8A11CA80AE00DCDAC0 /* ChooseListPopupController.m in Sources */ = {isa = PBXBuildFile; fileRef = 153E5A8811CA80AE00DCDAC0 /* ChooseListPopupController.m */; };
		153E5A8B11CA80AE00DCDAC0 /* ChooseListPopupController.xib in Resources */ = {isa = PBXBuildFile; fileRef = 153E5A8911CA80AE00DCDAC0 /* ChooseListPopupController.xib */; };
		153E5AEF11CA911700DCDAC0 /* LocationCell.xib in Resources */ = {isa = PBXBuildFile; fileRef = 153E5AEE11CA911700DCDAC0 /* LocationCell.xib */; };
		153E5AF211CA939E00DCDAC0 /* LocationListView.m in Sources */ = {isa = PBXBuildFile; fileRef = 153E5AF111CA939E00DCDAC0 /* LocationListView.m */; };
		153E5BE611CAC85300DCDAC0 /* EditLocationController.m in Sources */ = {isa = PBXBuildFile; fileRef = 153E5BE511CAC85300DCDAC0 /* EditLocationController.m */; };
		153E5CA311CADCA000DCDAC0 /* TextEditController.m in Sources */ = {isa = PBXBuildFile; fileRef = 153E5CA111CADCA000DCDAC0 /* TextEditController.m */; };
		153E5CA411CADCA000DCDAC0 /* TextEditController.xib in Resources */ = {isa = PBXBuildFile; fileRef = 153E5CA211CADCA000DCDAC0 /* TextEditController.xib */; };
		153E5CFB11CAE2EC00DCDAC0 /* QuartzCore.framework in Frameworks */ = {isa = PBXBuildFile; fileRef = 153E5CFA11CAE2EC00DCDAC0 /* QuartzCore.framework */; };
		153E5D2D11CB2FEE00DCDAC0 /* GameRouteObject.m in Sources */ = {isa = PBXBuildFile; fileRef = 153E5D2C11CB2FEE00DCDAC0 /* GameRouteObject.m */; };
		153E5D4411CB31EE00DCDAC0 /* RouteListController.m in Sources */ = {isa = PBXBuildFile; fileRef = 153E5D4311CB31EE00DCDAC0 /* RouteListController.m */; };
		153E5D8A11CB39B200DCDAC0 /* Default-Landscape.png in Resources */ = {isa = PBXBuildFile; fileRef = 153E5D8911CB39B200DCDAC0 /* Default-Landscape.png */; };
		15652A9411CB3D4E0051E687 /* Default-Portrait.png in Resources */ = {isa = PBXBuildFile; fileRef = 15652A9311CB3D4E0051E687 /* Default-Portrait.png */; };
		15652B3D11CE84F70051E687 /* libMDSLib.a in Frameworks */ = {isa = PBXBuildFile; fileRef = 15652B2111CE83A40051E687 /* libMDSLib.a */; };
		15652E5111CECFC10051E687 /* LocationObject.m in Sources */ = {isa = PBXBuildFile; fileRef = 15652E4E11CECFC10051E687 /* LocationObject.m */; };
		15652E5211CECFC10051E687 /* LocationPointObject.m in Sources */ = {isa = PBXBuildFile; fileRef = 15652E5011CECFC10051E687 /* LocationPointObject.m */; };
		15652E8811CED37D0051E687 /* GetTextPopupController.xib in Resources */ = {isa = PBXBuildFile; fileRef = 15652E8611CED37D0051E687 /* GetTextPopupController.xib */; };
		15652E8911CED37D0051E687 /* MapTypePopupController.xib in Resources */ = {isa = PBXBuildFile; fileRef = 15652E8711CED37D0051E687 /* MapTypePopupController.xib */; };
		15652EAE11CED4350051E687 /* SingleLocationEditor.m in Sources */ = {isa = PBXBuildFile; fileRef = 15652EAA11CED4350051E687 /* SingleLocationEditor.m */; };
		15652EAF11CED4350051E687 /* SingleLocationEditor.xib in Resources */ = {isa = PBXBuildFile; fileRef = 15652EAB11CED4350051E687 /* SingleLocationEditor.xib */; };
		15652EB011CED4350051E687 /* SingleLocationView.m in Sources */ = {isa = PBXBuildFile; fileRef = 15652EAD11CED4350051E687 /* SingleLocationView.m */; };
		15B00E8211D1067500757CCE /* GameManager.m in Sources */ = {isa = PBXBuildFile; fileRef = 15B00E8111D1067500757CCE /* GameManager.m */; };
		15B00E8D11D1091F00757CCE /* GameRunObject+Extensions.m in Sources */ = {isa = PBXBuildFile; fileRef = 15B00E8C11D1091F00757CCE /* GameRunObject+Extensions.m */; };
		15B00EC111D13C8C00757CCE /* GamePlayOverlayView.m in Sources */ = {isa = PBXBuildFile; fileRef = 15B00EC011D13C8C00757CCE /* GamePlayOverlayView.m */; };
		15B00F0A11D143CD00757CCE /* GamePlayViewController.m in Sources */ = {isa = PBXBuildFile; fileRef = 15B00F0811D143CD00757CCE /* GamePlayViewController.m */; };
		15B00F0B11D143CD00757CCE /* GamePlayViewController.xib in Resources */ = {isa = PBXBuildFile; fileRef = 15B00F0911D143CD00757CCE /* GamePlayViewController.xib */; };
		15B00F1F11D145D700757CCE /* GameObject.m in Sources */ = {isa = PBXBuildFile; fileRef = 15B00F1E11D145D700757CCE /* GameObject.m */; };
		1D3623260D0F684500981E51 /* Scavenger_iPadAppDelegate.m in Sources */ = {isa = PBXBuildFile; fileRef = 1D3623250D0F684500981E51 /* Scavenger_iPadAppDelegate.m */; };
		1D60589B0D05DD56006BFB54 /* main.m in Sources */ = {isa = PBXBuildFile; fileRef = 29B97316FDCFA39411CA2CEA /* main.m */; };
		1D60589F0D05DD5A006BFB54 /* Foundation.framework in Frameworks */ = {isa = PBXBuildFile; fileRef = 1D30AB110D05D00D00671497 /* Foundation.framework */; };
		1DF5F4E00D08C38300B7A737 /* UIKit.framework in Frameworks */ = {isa = PBXBuildFile; fileRef = 1DF5F4DF0D08C38300B7A737 /* UIKit.framework */; };
		288765A50DF7441C002DB57D /* CoreGraphics.framework in Frameworks */ = {isa = PBXBuildFile; fileRef = 288765A40DF7441C002DB57D /* CoreGraphics.framework */; };
		28AD733F0D9D9553002E5188 /* MainWindow.xib in Resources */ = {isa = PBXBuildFile; fileRef = 28AD733E0D9D9553002E5188 /* MainWindow.xib */; };
		28D801B40F44B63D00FB423F /* CoreData.framework in Frameworks */ = {isa = PBXBuildFile; fileRef = 28D801B30F44B63D00FB423F /* CoreData.framework */; };
/* End PBXBuildFile section */

/* Begin PBXContainerItemProxy section */
		15362B0C11D26CC800F63E59 /* PBXContainerItemProxy */ = {
			isa = PBXContainerItemProxy;
			containerPortal = 15652B1711CE837F0051E687 /* MDSLib.xcodeproj */;
			proxyType = 1;
			remoteGlobalIDString = D2AAC07D0554694100DB518D /* MDSLib */;
			remoteInfo = MDSLib;
		};
		15652B2011CE83A40051E687 /* PBXContainerItemProxy */ = {
			isa = PBXContainerItemProxy;
			containerPortal = 15652B1711CE837F0051E687 /* MDSLib.xcodeproj */;
			proxyType = 2;
			remoteGlobalIDString = D2AAC07E0554694100DB518D;
			remoteInfo = MDSLib;
		};
/* End PBXContainerItemProxy section */

/* Begin PBXFileReference section */
		15362AC611D26A5300F63E59 /* GameRunObject.h */ = {isa = PBXFileReference; fileEncoding = 4; lastKnownFileType = sourcecode.c.h; path = GameRunObject.h; sourceTree = "<group>"; };
		15362AC711D26A5300F63E59 /* GameRunObject.m */ = {isa = PBXFileReference; fileEncoding = 4; lastKnownFileType = sourcecode.c.objc; path = GameRunObject.m; sourceTree = "<group>"; };
		15362BDE11D2924B00F63E59 /* GameStatusHUDView.h */ = {isa = PBXFileReference; fileEncoding = 4; lastKnownFileType = sourcecode.c.h; name = GameStatusHUDView.h; path = CommonViews/GameStatusHUDView.h; sourceTree = "<group>"; };
		15362BDF11D2924B00F63E59 /* GameStatusHUDView.m */ = {isa = PBXFileReference; fileEncoding = 4; lastKnownFileType = sourcecode.c.objc; name = GameStatusHUDView.m; path = CommonViews/GameStatusHUDView.m; sourceTree = "<group>"; };
		15362C1211D2955100F63E59 /* HardwareStatusView.h */ = {isa = PBXFileReference; fileEncoding = 4; lastKnownFileType = sourcecode.c.h; name = HardwareStatusView.h; path = CommonViews/HardwareStatusView.h; sourceTree = "<group>"; };
		15362C1311D2955100F63E59 /* HardwareStatusView.m */ = {isa = PBXFileReference; fileEncoding = 4; lastKnownFileType = sourcecode.c.objc; name = HardwareStatusView.m; path = CommonViews/HardwareStatusView.m; sourceTree = "<group>"; };
		15362C1511D2955E00F63E59 /* HardwareObject+Extensions.h */ = {isa = PBXFileReference; fileEncoding = 4; lastKnownFileType = sourcecode.c.h; name = "HardwareObject+Extensions.h"; path = "DataExtensions/HardwareObject+Extensions.h"; sourceTree = "<group>"; };
		15362C1611D2955E00F63E59 /* HardwareObject+Extensions.m */ = {isa = PBXFileReference; fileEncoding = 4; lastKnownFileType = sourcecode.c.objc; name = "HardwareObject+Extensions.m"; path = "DataExtensions/HardwareObject+Extensions.m"; sourceTree = "<group>"; };
		153E577311C934AB00DCDAC0 /* Scavenger-iPad.xcdatamodel */ = {isa = PBXFileReference; fileEncoding = 4; lastKnownFileType = wrapper.xcdatamodel; path = "Scavenger-iPad.xcdatamodel"; sourceTree = "<group>"; };
		153E577811C934BC00DCDAC0 /* ActiveLocationObject.h */ = {isa = PBXFileReference; fileEncoding = 4; lastKnownFileType = sourcecode.c.h; path = ActiveLocationObject.h; sourceTree = "<group>"; };
		153E577911C934BC00DCDAC0 /* ActiveLocationObject.m */ = {isa = PBXFileReference; fileEncoding = 4; lastKnownFileType = sourcecode.c.objc; path = ActiveLocationObject.m; sourceTree = "<group>"; };
		153E577A11C934BC00DCDAC0 /* PlayerLocationObject.h */ = {isa = PBXFileReference; fileEncoding = 4; lastKnownFileType = sourcecode.c.h; path = PlayerLocationObject.h; sourceTree = "<group>"; };
		153E577B11C934BC00DCDAC0 /* PlayerLocationObject.m */ = {isa = PBXFileReference; fileEncoding = 4; lastKnownFileType = sourcecode.c.objc; path = PlayerLocationObject.m; sourceTree = "<group>"; };
		153E577C11C934BC00DCDAC0 /* QuestionObject.h */ = {isa = PBXFileReference; fileEncoding = 4; lastKnownFileType = sourcecode.c.h; path = QuestionObject.h; sourceTree = "<group>"; };
		153E577D11C934BC00DCDAC0 /* QuestionObject.m */ = {isa = PBXFileReference; fileEncoding = 4; lastKnownFileType = sourcecode.c.objc; path = QuestionObject.m; sourceTree = "<group>"; };
		153E577E11C934BC00DCDAC0 /* AnswerObject.h */ = {isa = PBXFileReference; fileEncoding = 4; lastKnownFileType = sourcecode.c.h; path = AnswerObject.h; sourceTree = "<group>"; };
		153E577F11C934BC00DCDAC0 /* AnswerObject.m */ = {isa = PBXFileReference; fileEncoding = 4; lastKnownFileType = sourcecode.c.objc; path = AnswerObject.m; sourceTree = "<group>"; };
		153E578211C934BC00DCDAC0 /* LocationOrderObject.h */ = {isa = PBXFileReference; fileEncoding = 4; lastKnownFileType = sourcecode.c.h; path = LocationOrderObject.h; sourceTree = "<group>"; };
		153E578311C934BC00DCDAC0 /* LocationOrderObject.m */ = {isa = PBXFileReference; fileEncoding = 4; lastKnownFileType = sourcecode.c.objc; path = LocationOrderObject.m; sourceTree = "<group>"; };
		153E578A11C934BC00DCDAC0 /* HardwareObject.h */ = {isa = PBXFileReference; fileEncoding = 4; lastKnownFileType = sourcecode.c.h; path = HardwareObject.h; sourceTree = "<group>"; };
		153E578B11C934BC00DCDAC0 /* HardwareObject.m */ = {isa = PBXFileReference; fileEncoding = 4; lastKnownFileType = sourcecode.c.objc; path = HardwareObject.m; sourceTree = "<group>"; };
		153E57B011C944FE00DCDAC0 /* GameListViewController.h */ = {isa = PBXFileReference; fileEncoding = 4; lastKnownFileType = sourcecode.c.h; name = GameListViewController.h; path = GameListViewing/GameListViewController.h; sourceTree = "<group>"; };
		153E57B111C944FE00DCDAC0 /* GameListViewController.m */ = {isa = PBXFileReference; fileEncoding = 4; lastKnownFileType = sourcecode.c.objc; name = GameListViewController.m; path = GameListViewing/GameListViewController.m; sourceTree = "<group>"; };
		153E57B211C944FE00DCDAC0 /* GameListViewController.xib */ = {isa = PBXFileReference; lastKnownFileType = file.xib; name = GameListViewController.xib; path = GameListViewing/GameListViewController.xib; sourceTree = "<group>"; };
		153E57CD11C9478A00DCDAC0 /* MapKit.framework */ = {isa = PBXFileReference; lastKnownFileType = wrapper.framework; name = MapKit.framework; path = System/Library/Frameworks/MapKit.framework; sourceTree = SDKROOT; };
		153E58A111C9666B00DCDAC0 /* CoreLocation.framework */ = {isa = PBXFileReference; lastKnownFileType = wrapper.framework; name = CoreLocation.framework; path = System/Library/Frameworks/CoreLocation.framework; sourceTree = SDKROOT; };
		153E58DC11C9D12D00DCDAC0 /* GameObject+Extensions.h */ = {isa = PBXFileReference; fileEncoding = 4; lastKnownFileType = sourcecode.c.h; name = "GameObject+Extensions.h"; path = "DataExtensions/GameObject+Extensions.h"; sourceTree = "<group>"; };
		153E58DD11C9D12D00DCDAC0 /* GameObject+Extensions.m */ = {isa = PBXFileReference; fileEncoding = 4; lastKnownFileType = sourcecode.c.objc; name = "GameObject+Extensions.m"; path = "DataExtensions/GameObject+Extensions.m"; sourceTree = "<group>"; };
		153E594811C9DB2800DCDAC0 /* LocationObject+Extensions.h */ = {isa = PBXFileReference; fileEncoding = 4; lastKnownFileType = sourcecode.c.h; name = "LocationObject+Extensions.h"; path = "DataExtensions/LocationObject+Extensions.h"; sourceTree = "<group>"; };
		153E594911C9DB2800DCDAC0 /* LocationObject+Extensions.m */ = {isa = PBXFileReference; fileEncoding = 4; lastKnownFileType = sourcecode.c.objc; name = "LocationObject+Extensions.m"; path = "DataExtensions/LocationObject+Extensions.m"; sourceTree = "<group>"; };
		153E59EC11CA6EC900DCDAC0 /* GameEditViewController.h */ = {isa = PBXFileReference; fileEncoding = 4; lastKnownFileType = sourcecode.c.h; name = GameEditViewController.h; path = GameEditing/GameEditViewController.h; sourceTree = "<group>"; };
		153E59ED11CA6EC900DCDAC0 /* GameEditViewController.m */ = {isa = PBXFileReference; fileEncoding = 4; lastKnownFileType = sourcecode.c.objc; name = GameEditViewController.m; path = GameEditing/GameEditViewController.m; sourceTree = "<group>"; };
		153E59EE11CA6EC900DCDAC0 /* GameEditViewController.xib */ = {isa = PBXFileReference; lastKnownFileType = file.xib; name = GameEditViewController.xib; path = GameEditing/GameEditViewController.xib; sourceTree = "<group>"; };
		153E5A0111CA704600DCDAC0 /* LocationOverlayView.h */ = {isa = PBXFileReference; fileEncoding = 4; lastKnownFileType = sourcecode.c.h; name = LocationOverlayView.h; path = CommonViews/LocationOverlayView.h; sourceTree = "<group>"; };
		153E5A0211CA704600DCDAC0 /* LocationOverlayView.m */ = {isa = PBXFileReference; fileEncoding = 4; lastKnownFileType = sourcecode.c.objc; name = LocationOverlayView.m; path = CommonViews/LocationOverlayView.m; sourceTree = "<group>"; };
		153E5A8711CA80AE00DCDAC0 /* ChooseListPopupController.h */ = {isa = PBXFileReference; fileEncoding = 4; lastKnownFileType = sourcecode.c.h; name = ChooseListPopupController.h; path = CommonControllers/ChooseListPopupController.h; sourceTree = "<group>"; };
		153E5A8811CA80AE00DCDAC0 /* ChooseListPopupController.m */ = {isa = PBXFileReference; fileEncoding = 4; lastKnownFileType = sourcecode.c.objc; name = ChooseListPopupController.m; path = CommonControllers/ChooseListPopupController.m; sourceTree = "<group>"; };
		153E5A8911CA80AE00DCDAC0 /* ChooseListPopupController.xib */ = {isa = PBXFileReference; lastKnownFileType = file.xib; name = ChooseListPopupController.xib; path = CommonControllers/ChooseListPopupController.xib; sourceTree = "<group>"; };
		153E5AEE11CA911700DCDAC0 /* LocationCell.xib */ = {isa = PBXFileReference; lastKnownFileType = file.xib; name = LocationCell.xib; path = Classes/GameEditing/LocationCell.xib; sourceTree = "<group>"; };
		153E5AF011CA939E00DCDAC0 /* LocationListView.h */ = {isa = PBXFileReference; fileEncoding = 4; lastKnownFileType = sourcecode.c.h; name = LocationListView.h; path = GameEditing/LocationListView.h; sourceTree = "<group>"; };
		153E5AF111CA939E00DCDAC0 /* LocationListView.m */ = {isa = PBXFileReference; fileEncoding = 4; lastKnownFileType = sourcecode.c.objc; name = LocationListView.m; path = GameEditing/LocationListView.m; sourceTree = "<group>"; };
		153E5BE411CAC85300DCDAC0 /* EditLocationController.h */ = {isa = PBXFileReference; fileEncoding = 4; lastKnownFileType = sourcecode.c.h; name = EditLocationController.h; path = GameEditing/EditLocationController.h; sourceTree = "<group>"; };
		153E5BE511CAC85300DCDAC0 /* EditLocationController.m */ = {isa = PBXFileReference; fileEncoding = 4; lastKnownFileType = sourcecode.c.objc; name = EditLocationController.m; path = GameEditing/EditLocationController.m; sourceTree = "<group>"; };
		153E5CA011CADCA000DCDAC0 /* TextEditController.h */ = {isa = PBXFileReference; fileEncoding = 4; lastKnownFileType = sourcecode.c.h; name = TextEditController.h; path = GameEditing/TextEditController.h; sourceTree = "<group>"; };
		153E5CA111CADCA000DCDAC0 /* TextEditController.m */ = {isa = PBXFileReference; fileEncoding = 4; lastKnownFileType = sourcecode.c.objc; name = TextEditController.m; path = GameEditing/TextEditController.m; sourceTree = "<group>"; };
		153E5CA211CADCA000DCDAC0 /* TextEditController.xib */ = {isa = PBXFileReference; lastKnownFileType = file.xib; name = TextEditController.xib; path = GameEditing/TextEditController.xib; sourceTree = "<group>"; };
		153E5CFA11CAE2EC00DCDAC0 /* QuartzCore.framework */ = {isa = PBXFileReference; lastKnownFileType = wrapper.framework; name = QuartzCore.framework; path = System/Library/Frameworks/QuartzCore.framework; sourceTree = SDKROOT; };
		153E5D2B11CB2FEE00DCDAC0 /* GameRouteObject.h */ = {isa = PBXFileReference; fileEncoding = 4; lastKnownFileType = sourcecode.c.h; path = GameRouteObject.h; sourceTree = "<group>"; };
		153E5D2C11CB2FEE00DCDAC0 /* GameRouteObject.m */ = {isa = PBXFileReference; fileEncoding = 4; lastKnownFileType = sourcecode.c.objc; path = GameRouteObject.m; sourceTree = "<group>"; };
		153E5D4211CB31EE00DCDAC0 /* RouteListController.h */ = {isa = PBXFileReference; fileEncoding = 4; lastKnownFileType = sourcecode.c.h; path = RouteListController.h; sourceTree = "<group>"; };
		153E5D4311CB31EE00DCDAC0 /* RouteListController.m */ = {isa = PBXFileReference; fileEncoding = 4; lastKnownFileType = sourcecode.c.objc; path = RouteListController.m; sourceTree = "<group>"; };
		153E5D8911CB39B200DCDAC0 /* Default-Landscape.png */ = {isa = PBXFileReference; lastKnownFileType = image.png; path = "Default-Landscape.png"; sourceTree = "<group>"; };
		15652A9311CB3D4E0051E687 /* Default-Portrait.png */ = {isa = PBXFileReference; lastKnownFileType = image.png; path = "Default-Portrait.png"; sourceTree = "<group>"; };
		15652B1711CE837F0051E687 /* MDSLib.xcodeproj */ = {isa = PBXFileReference; lastKnownFileType = "wrapper.pb-project"; path = MDSLib.xcodeproj; sourceTree = MDS_SRC; };
		15652E4D11CECFC10051E687 /* LocationObject.h */ = {isa = PBXFileReference; fileEncoding = 4; lastKnownFileType = sourcecode.c.h; path = LocationObject.h; sourceTree = "<group>"; };
		15652E4E11CECFC10051E687 /* LocationObject.m */ = {isa = PBXFileReference; fileEncoding = 4; lastKnownFileType = sourcecode.c.objc; path = LocationObject.m; sourceTree = "<group>"; };
		15652E4F11CECFC10051E687 /* LocationPointObject.h */ = {isa = PBXFileReference; fileEncoding = 4; lastKnownFileType = sourcecode.c.h; path = LocationPointObject.h; sourceTree = "<group>"; };
		15652E5011CECFC10051E687 /* LocationPointObject.m */ = {isa = PBXFileReference; fileEncoding = 4; lastKnownFileType = sourcecode.c.objc; path = LocationPointObject.m; sourceTree = "<group>"; };
		15652E8611CED37D0051E687 /* GetTextPopupController.xib */ = {isa = PBXFileReference; lastKnownFileType = file.xib; name = GetTextPopupController.xib; path = ../MDSLib/CommonControllers/GetTextPopupController.xib; sourceTree = SOURCE_ROOT; };
		15652E8711CED37D0051E687 /* MapTypePopupController.xib */ = {isa = PBXFileReference; lastKnownFileType = file.xib; name = MapTypePopupController.xib; path = ../MDSLib/CommonControllers/MapTypePopupController.xib; sourceTree = SOURCE_ROOT; };
		15652EA911CED4350051E687 /* SingleLocationEditor.h */ = {isa = PBXFileReference; fileEncoding = 4; lastKnownFileType = sourcecode.c.h; name = SingleLocationEditor.h; path = GameEditing/SingleLocationEditor.h; sourceTree = "<group>"; };
		15652EAA11CED4350051E687 /* SingleLocationEditor.m */ = {isa = PBXFileReference; fileEncoding = 4; lastKnownFileType = sourcecode.c.objc; name = SingleLocationEditor.m; path = GameEditing/SingleLocationEditor.m; sourceTree = "<group>"; };
		15652EAB11CED4350051E687 /* SingleLocationEditor.xib */ = {isa = PBXFileReference; lastKnownFileType = file.xib; name = SingleLocationEditor.xib; path = GameEditing/SingleLocationEditor.xib; sourceTree = "<group>"; };
		15652EAC11CED4350051E687 /* SingleLocationView.h */ = {isa = PBXFileReference; fileEncoding = 4; lastKnownFileType = sourcecode.c.h; name = SingleLocationView.h; path = GameEditing/SingleLocationView.h; sourceTree = "<group>"; };
		15652EAD11CED4350051E687 /* SingleLocationView.m */ = {isa = PBXFileReference; fileEncoding = 4; lastKnownFileType = sourcecode.c.objc; name = SingleLocationView.m; path = GameEditing/SingleLocationView.m; sourceTree = "<group>"; };
		15B00E8011D1067500757CCE /* GameManager.h */ = {isa = PBXFileReference; fileEncoding = 4; lastKnownFileType = sourcecode.c.h; name = GameManager.h; path = GamePlaying/GameManager.h; sourceTree = "<group>"; };
		15B00E8111D1067500757CCE /* GameManager.m */ = {isa = PBXFileReference; fileEncoding = 4; lastKnownFileType = sourcecode.c.objc; name = GameManager.m; path = GamePlaying/GameManager.m; sourceTree = "<group>"; };
		15B00E8B11D1091F00757CCE /* GameRunObject+Extensions.h */ = {isa = PBXFileReference; fileEncoding = 4; lastKnownFileType = sourcecode.c.h; name = "GameRunObject+Extensions.h"; path = "DataExtensions/GameRunObject+Extensions.h"; sourceTree = "<group>"; };
		15B00E8C11D1091F00757CCE /* GameRunObject+Extensions.m */ = {isa = PBXFileReference; fileEncoding = 4; lastKnownFileType = sourcecode.c.objc; name = "GameRunObject+Extensions.m"; path = "DataExtensions/GameRunObject+Extensions.m"; sourceTree = "<group>"; };
		15B00EBF11D13C8C00757CCE /* GamePlayOverlayView.h */ = {isa = PBXFileReference; fileEncoding = 4; lastKnownFileType = sourcecode.c.h; name = GamePlayOverlayView.h; path = CommonViews/GamePlayOverlayView.h; sourceTree = "<group>"; };
		15B00EC011D13C8C00757CCE /* GamePlayOverlayView.m */ = {isa = PBXFileReference; fileEncoding = 4; lastKnownFileType = sourcecode.c.objc; name = GamePlayOverlayView.m; path = CommonViews/GamePlayOverlayView.m; sourceTree = "<group>"; };
		15B00F0711D143CD00757CCE /* GamePlayViewController.h */ = {isa = PBXFileReference; fileEncoding = 4; lastKnownFileType = sourcecode.c.h; name = GamePlayViewController.h; path = GamePlaying/GamePlayViewController.h; sourceTree = "<group>"; };
		15B00F0811D143CD00757CCE /* GamePlayViewController.m */ = {isa = PBXFileReference; fileEncoding = 4; lastKnownFileType = sourcecode.c.objc; name = GamePlayViewController.m; path = GamePlaying/GamePlayViewController.m; sourceTree = "<group>"; };
		15B00F0911D143CD00757CCE /* GamePlayViewController.xib */ = {isa = PBXFileReference; lastKnownFileType = file.xib; name = GamePlayViewController.xib; path = GamePlaying/GamePlayViewController.xib; sourceTree = "<group>"; };
		15B00F1D11D145D700757CCE /* GameObject.h */ = {isa = PBXFileReference; fileEncoding = 4; lastKnownFileType = sourcecode.c.h; path = GameObject.h; sourceTree = "<group>"; };
		15B00F1E11D145D700757CCE /* GameObject.m */ = {isa = PBXFileReference; fileEncoding = 4; lastKnownFileType = sourcecode.c.objc; path = GameObject.m; sourceTree = "<group>"; };
		1D30AB110D05D00D00671497 /* Foundation.framework */ = {isa = PBXFileReference; lastKnownFileType = wrapper.framework; name = Foundation.framework; path = System/Library/Frameworks/Foundation.framework; sourceTree = SDKROOT; };
		1D3623240D0F684500981E51 /* Scavenger_iPadAppDelegate.h */ = {isa = PBXFileReference; fileEncoding = 4; lastKnownFileType = sourcecode.c.h; path = Scavenger_iPadAppDelegate.h; sourceTree = "<group>"; };
		1D3623250D0F684500981E51 /* Scavenger_iPadAppDelegate.m */ = {isa = PBXFileReference; fileEncoding = 4; lastKnownFileType = sourcecode.c.objc; path = Scavenger_iPadAppDelegate.m; sourceTree = "<group>"; };
		1D6058910D05DD3D006BFB54 /* Scavenger-iPad.app */ = {isa = PBXFileReference; explicitFileType = wrapper.application; includeInIndex = 0; path = "Scavenger-iPad.app"; sourceTree = BUILT_PRODUCTS_DIR; };
		1DF5F4DF0D08C38300B7A737 /* UIKit.framework */ = {isa = PBXFileReference; lastKnownFileType = wrapper.framework; name = UIKit.framework; path = System/Library/Frameworks/UIKit.framework; sourceTree = SDKROOT; };
		288765A40DF7441C002DB57D /* CoreGraphics.framework */ = {isa = PBXFileReference; lastKnownFileType = wrapper.framework; name = CoreGraphics.framework; path = System/Library/Frameworks/CoreGraphics.framework; sourceTree = SDKROOT; };
		28AD733E0D9D9553002E5188 /* MainWindow.xib */ = {isa = PBXFileReference; lastKnownFileType = file.xib; path = MainWindow.xib; sourceTree = "<group>"; };
		28D801B30F44B63D00FB423F /* CoreData.framework */ = {isa = PBXFileReference; lastKnownFileType = wrapper.framework; name = CoreData.framework; path = System/Library/Frameworks/CoreData.framework; sourceTree = SDKROOT; };
		29B97316FDCFA39411CA2CEA /* main.m */ = {isa = PBXFileReference; fileEncoding = 4; lastKnownFileType = sourcecode.c.objc; path = main.m; sourceTree = "<group>"; };
		32CA4F630368D1EE00C91783 /* Scavenger_iPad_Prefix.pch */ = {isa = PBXFileReference; fileEncoding = 4; lastKnownFileType = sourcecode.c.h; path = Scavenger_iPad_Prefix.pch; sourceTree = "<group>"; };
		8D1107310486CEB800E47090 /* Scavenger_iPad-Info.plist */ = {isa = PBXFileReference; fileEncoding = 4; lastKnownFileType = text.plist.xml; path = "Scavenger_iPad-Info.plist"; plistStructureDefinitionIdentifier = "com.apple.xcode.plist.structure-definition.iphone.info-plist"; sourceTree = "<group>"; };
/* End PBXFileReference section */

/* Begin PBXFrameworksBuildPhase section */
		1D60588F0D05DD3D006BFB54 /* Frameworks */ = {
			isa = PBXFrameworksBuildPhase;
			buildActionMask = 2147483647;
			files = (
				15652B3D11CE84F70051E687 /* libMDSLib.a in Frameworks */,
				1D60589F0D05DD5A006BFB54 /* Foundation.framework in Frameworks */,
				1DF5F4E00D08C38300B7A737 /* UIKit.framework in Frameworks */,
				288765A50DF7441C002DB57D /* CoreGraphics.framework in Frameworks */,
				28D801B40F44B63D00FB423F /* CoreData.framework in Frameworks */,
				153E57CE11C9478A00DCDAC0 /* MapKit.framework in Frameworks */,
				153E58A211C9666C00DCDAC0 /* CoreLocation.framework in Frameworks */,
				153E5CFB11CAE2EC00DCDAC0 /* QuartzCore.framework in Frameworks */,
			);
			runOnlyForDeploymentPostprocessing = 0;
		};
/* End PBXFrameworksBuildPhase section */

/* Begin PBXGroup section */
		080E96DDFE201D6D7F000001 /* Classes */ = {
			isa = PBXGroup;
			children = (
				15B00E7C11D1023A00757CCE /* GamePlaying */,
				153E59F711CA6FC800DCDAC0 /* CommonViews */,
				153E59EB11CA6E9600DCDAC0 /* GameEditing */,
				153E58DB11C9D10C00DCDAC0 /* DataExtensions */,
				153E580E11C9563700DCDAC0 /* CommonControllers */,
				153E57AF11C944BF00DCDAC0 /* GameListViewing */,
				1D3623240D0F684500981E51 /* Scavenger_iPadAppDelegate.h */,
				1D3623250D0F684500981E51 /* Scavenger_iPadAppDelegate.m */,
			);
			path = Classes;
			sourceTree = "<group>";
		};
		153E57AF11C944BF00DCDAC0 /* GameListViewing */ = {
			isa = PBXGroup;
			children = (
				153E57B011C944FE00DCDAC0 /* GameListViewController.h */,
				153E57B111C944FE00DCDAC0 /* GameListViewController.m */,
				153E57B211C944FE00DCDAC0 /* GameListViewController.xib */,
			);
			name = GameListViewing;
			sourceTree = "<group>";
		};
		153E580E11C9563700DCDAC0 /* CommonControllers */ = {
			isa = PBXGroup;
			children = (
				153E5A8711CA80AE00DCDAC0 /* ChooseListPopupController.h */,
				153E5A8811CA80AE00DCDAC0 /* ChooseListPopupController.m */,
				153E5A8911CA80AE00DCDAC0 /* ChooseListPopupController.xib */,
			);
			name = CommonControllers;
			sourceTree = "<group>";
		};
		153E58DB11C9D10C00DCDAC0 /* DataExtensions */ = {
			isa = PBXGroup;
			children = (
				15362C1511D2955E00F63E59 /* HardwareObject+Extensions.h */,
				15362C1611D2955E00F63E59 /* HardwareObject+Extensions.m */,
				153E594811C9DB2800DCDAC0 /* LocationObject+Extensions.h */,
				153E594911C9DB2800DCDAC0 /* LocationObject+Extensions.m */,
				153E58DC11C9D12D00DCDAC0 /* GameObject+Extensions.h */,
				153E58DD11C9D12D00DCDAC0 /* GameObject+Extensions.m */,
				15B00E8B11D1091F00757CCE /* GameRunObject+Extensions.h */,
				15B00E8C11D1091F00757CCE /* GameRunObject+Extensions.m */,
			);
			name = DataExtensions;
			sourceTree = "<group>";
		};
		153E59EB11CA6E9600DCDAC0 /* GameEditing */ = {
			isa = PBXGroup;
			children = (
				15652EA911CED4350051E687 /* SingleLocationEditor.h */,
				15652EAA11CED4350051E687 /* SingleLocationEditor.m */,
				15652EAB11CED4350051E687 /* SingleLocationEditor.xib */,
				15652EAC11CED4350051E687 /* SingleLocationView.h */,
				15652EAD11CED4350051E687 /* SingleLocationView.m */,
				153E59EC11CA6EC900DCDAC0 /* GameEditViewController.h */,
				153E59ED11CA6EC900DCDAC0 /* GameEditViewController.m */,
				153E59EE11CA6EC900DCDAC0 /* GameEditViewController.xib */,
				153E5AF011CA939E00DCDAC0 /* LocationListView.h */,
				153E5AF111CA939E00DCDAC0 /* LocationListView.m */,
				153E5BE411CAC85300DCDAC0 /* EditLocationController.h */,
				153E5BE511CAC85300DCDAC0 /* EditLocationController.m */,
				153E5CA011CADCA000DCDAC0 /* TextEditController.h */,
				153E5CA111CADCA000DCDAC0 /* TextEditController.m */,
				153E5CA211CADCA000DCDAC0 /* TextEditController.xib */,
				153E5D4211CB31EE00DCDAC0 /* RouteListController.h */,
				153E5D4311CB31EE00DCDAC0 /* RouteListController.m */,
			);
			name = GameEditing;
			sourceTree = "<group>";
		};
		153E59F711CA6FC800DCDAC0 /* CommonViews */ = {
			isa = PBXGroup;
			children = (
				15362C1211D2955100F63E59 /* HardwareStatusView.h */,
				15362C1311D2955100F63E59 /* HardwareStatusView.m */,
				153E5A0111CA704600DCDAC0 /* LocationOverlayView.h */,
				153E5A0211CA704600DCDAC0 /* LocationOverlayView.m */,
				15B00EBF11D13C8C00757CCE /* GamePlayOverlayView.h */,
				15B00EC011D13C8C00757CCE /* GamePlayOverlayView.m */,
				15362BDE11D2924B00F63E59 /* GameStatusHUDView.h */,
				15362BDF11D2924B00F63E59 /* GameStatusHUDView.m */,
			);
			name = CommonViews;
			sourceTree = "<group>";
		};
		15652B1D11CE83A40051E687 /* Products */ = {
			isa = PBXGroup;
			children = (
				15652B2111CE83A40051E687 /* libMDSLib.a */,
			);
			name = Products;
			sourceTree = "<group>";
		};
		15B00E7C11D1023A00757CCE /* GamePlaying */ = {
			isa = PBXGroup;
			children = (
				15B00E8011D1067500757CCE /* GameManager.h */,
				15B00E8111D1067500757CCE /* GameManager.m */,
				15B00F0711D143CD00757CCE /* GamePlayViewController.h */,
				15B00F0811D143CD00757CCE /* GamePlayViewController.m */,
				15B00F0911D143CD00757CCE /* GamePlayViewController.xib */,
			);
			name = GamePlaying;
			sourceTree = "<group>";
		};
		19C28FACFE9D520D11CA2CBB /* Products */ = {
			isa = PBXGroup;
			children = (
				1D6058910D05DD3D006BFB54 /* Scavenger-iPad.app */,
			);
			name = Products;
			sourceTree = "<group>";
		};
		29B97314FDCFA39411CA2CEA /* CustomTemplate */ = {
			isa = PBXGroup;
			children = (
				15652E8611CED37D0051E687 /* GetTextPopupController.xib */,
				15652E8711CED37D0051E687 /* MapTypePopupController.xib */,
				15652B1711CE837F0051E687 /* MDSLib.xcodeproj */,
				080E96DDFE201D6D7F000001 /* Classes */,
				29B97315FDCFA39411CA2CEA /* Other Sources */,
				29B97317FDCFA39411CA2CEA /* Resources */,
				29B97323FDCFA39411CA2CEA /* Frameworks */,
				19C28FACFE9D520D11CA2CBB /* Products */,
				153E57CD11C9478A00DCDAC0 /* MapKit.framework */,
				153E58A111C9666B00DCDAC0 /* CoreLocation.framework */,
				153E5AEE11CA911700DCDAC0 /* LocationCell.xib */,
				153E5CFA11CAE2EC00DCDAC0 /* QuartzCore.framework */,
			);
			name = CustomTemplate;
			sourceTree = "<group>";
		};
		29B97315FDCFA39411CA2CEA /* Other Sources */ = {
			isa = PBXGroup;
			children = (
				32CA4F630368D1EE00C91783 /* Scavenger_iPad_Prefix.pch */,
				29B97316FDCFA39411CA2CEA /* main.m */,
			);
			name = "Other Sources";
			sourceTree = "<group>";
		};
		29B97317FDCFA39411CA2CEA /* Resources */ = {
			isa = PBXGroup;
			children = (
				15652A9311CB3D4E0051E687 /* Default-Portrait.png */,
				153E5D8911CB39B200DCDAC0 /* Default-Landscape.png */,
				153E577211C934AB00DCDAC0 /* Scavenger_iPad.xcdatamodeld */,
				28AD733E0D9D9553002E5188 /* MainWindow.xib */,
				8D1107310486CEB800E47090 /* Scavenger_iPad-Info.plist */,
			);
			name = Resources;
			sourceTree = "<group>";
		};
		29B97323FDCFA39411CA2CEA /* Frameworks */ = {
			isa = PBXGroup;
			children = (
				1DF5F4DF0D08C38300B7A737 /* UIKit.framework */,
				1D30AB110D05D00D00671497 /* Foundation.framework */,
				288765A40DF7441C002DB57D /* CoreGraphics.framework */,
				28D801B30F44B63D00FB423F /* CoreData.framework */,
			);
			name = Frameworks;
			sourceTree = "<group>";
		};
/* End PBXGroup section */

/* Begin PBXNativeTarget section */
		1D6058900D05DD3D006BFB54 /* Scavenger-iPad */ = {
			isa = PBXNativeTarget;
			buildConfigurationList = 1D6058960D05DD3E006BFB54 /* Build configuration list for PBXNativeTarget "Scavenger-iPad" */;
			buildPhases = (
				1D60588D0D05DD3D006BFB54 /* Resources */,
				1D60588E0D05DD3D006BFB54 /* Sources */,
				1D60588F0D05DD3D006BFB54 /* Frameworks */,
			);
			buildRules = (
			);
			dependencies = (
				15362B0D11D26CC800F63E59 /* PBXTargetDependency */,
			);
			name = "Scavenger-iPad";
			productName = "Scavenger-iPad";
			productReference = 1D6058910D05DD3D006BFB54 /* Scavenger-iPad.app */;
			productType = "com.apple.product-type.application";
		};
/* End PBXNativeTarget section */

/* Begin PBXProject section */
		29B97313FDCFA39411CA2CEA /* Project object */ = {
			isa = PBXProject;
			attributes = {
				ORGANIZATIONNAME = "Mount Diablo Software (Alan Moore)";
			};
			buildConfigurationList = C01FCF4E08A954540054247B /* Build configuration list for PBXProject "Scavenger-iPad" */;
			compatibilityVersion = "Xcode 3.1";
			hasScannedForEncodings = 1;
			mainGroup = 29B97314FDCFA39411CA2CEA /* CustomTemplate */;
			projectDirPath = "";
			projectReferences = (
				{
					ProductGroup = 15652B1D11CE83A40051E687 /* Products */;
					ProjectRef = 15652B1711CE837F0051E687 /* MDSLib.xcodeproj */;
				},
			);
			projectRoot = "";
			targets = (
				1D6058900D05DD3D006BFB54 /* Scavenger-iPad */,
			);
		};
/* End PBXProject section */

/* Begin PBXReferenceProxy section */
		15652B2111CE83A40051E687 /* libMDSLib.a */ = {
			isa = PBXReferenceProxy;
			fileType = archive.ar;
			path = libMDSLib.a;
			remoteRef = 15652B2011CE83A40051E687 /* PBXContainerItemProxy */;
			sourceTree = BUILT_PRODUCTS_DIR;
		};
/* End PBXReferenceProxy section */

/* Begin PBXResourcesBuildPhase section */
		1D60588D0D05DD3D006BFB54 /* Resources */ = {
			isa = PBXResourcesBuildPhase;
			buildActionMask = 2147483647;
			files = (
				28AD733F0D9D9553002E5188 /* MainWindow.xib in Resources */,
				153E57B411C944FE00DCDAC0 /* GameListViewController.xib in Resources */,
				153E59F011CA6EC900DCDAC0 /* GameEditViewController.xib in Resources */,
				153E5A8B11CA80AE00DCDAC0 /* ChooseListPopupController.xib in Resources */,
				153E5AEF11CA911700DCDAC0 /* LocationCell.xib in Resources */,
				153E5CA411CADCA000DCDAC0 /* TextEditController.xib in Resources */,
				153E5D8A11CB39B200DCDAC0 /* Default-Landscape.png in Resources */,
				15652A9411CB3D4E0051E687 /* Default-Portrait.png in Resources */,
				15652E8811CED37D0051E687 /* GetTextPopupController.xib in Resources */,
				15652E8911CED37D0051E687 /* MapTypePopupController.xib in Resources */,
				15652EAF11CED4350051E687 /* SingleLocationEditor.xib in Resources */,
				15B00F0B11D143CD00757CCE /* GamePlayViewController.xib in Resources */,
			);
			runOnlyForDeploymentPostprocessing = 0;
		};
/* End PBXResourcesBuildPhase section */

/* Begin PBXSourcesBuildPhase section */
		1D60588E0D05DD3D006BFB54 /* Sources */ = {
			isa = PBXSourcesBuildPhase;
			buildActionMask = 2147483647;
			files = (
				1D60589B0D05DD56006BFB54 /* main.m in Sources */,
				1D3623260D0F684500981E51 /* Scavenger_iPadAppDelegate.m in Sources */,
				153E577411C934AB00DCDAC0 /* Scavenger_iPad.xcdatamodeld in Sources */,
				153E578C11C934BC00DCDAC0 /* ActiveLocationObject.m in Sources */,
				153E578D11C934BC00DCDAC0 /* PlayerLocationObject.m in Sources */,
				153E578E11C934BC00DCDAC0 /* QuestionObject.m in Sources */,
				153E578F11C934BC00DCDAC0 /* AnswerObject.m in Sources */,
				153E579111C934BC00DCDAC0 /* LocationOrderObject.m in Sources */,
				153E579511C934BC00DCDAC0 /* HardwareObject.m in Sources */,
				153E57B311C944FE00DCDAC0 /* GameListViewController.m in Sources */,
				153E58DE11C9D12D00DCDAC0 /* GameObject+Extensions.m in Sources */,
				153E594A11C9DB2800DCDAC0 /* LocationObject+Extensions.m in Sources */,
				153E59EF11CA6EC900DCDAC0 /* GameEditViewController.m in Sources */,
				153E5A0411CA704600DCDAC0 /* LocationOverlayView.m in Sources */,
				153E5A8A11CA80AE00DCDAC0 /* ChooseListPopupController.m in Sources */,
				153E5AF211CA939E00DCDAC0 /* LocationListView.m in Sources */,
				153E5BE611CAC85300DCDAC0 /* EditLocationController.m in Sources */,
				153E5CA311CADCA000DCDAC0 /* TextEditController.m in Sources */,
				153E5D2D11CB2FEE00DCDAC0 /* GameRouteObject.m in Sources */,
				153E5D4411CB31EE00DCDAC0 /* RouteListController.m in Sources */,
				15652E5111CECFC10051E687 /* LocationObject.m in Sources */,
				15652E5211CECFC10051E687 /* LocationPointObject.m in Sources */,
				15652EAE11CED4350051E687 /* SingleLocationEditor.m in Sources */,
				15652EB011CED4350051E687 /* SingleLocationView.m in Sources */,
				15B00E8211D1067500757CCE /* GameManager.m in Sources */,
				15B00E8D11D1091F00757CCE /* GameRunObject+Extensions.m in Sources */,
				15B00EC111D13C8C00757CCE /* GamePlayOverlayView.m in Sources */,
				15B00F0A11D143CD00757CCE /* GamePlayViewController.m in Sources */,
				15B00F1F11D145D700757CCE /* GameObject.m in Sources */,
				15362AC811D26A5300F63E59 /* GameRunObject.m in Sources */,
				15362BE011D2924B00F63E59 /* GameStatusHUDView.m in Sources */,
				15362C1411D2955100F63E59 /* HardwareStatusView.m in Sources */,
				15362C1711D2955E00F63E59 /* HardwareObject+Extensions.m in Sources */,
			);
			runOnlyForDeploymentPostprocessing = 0;
		};
/* End PBXSourcesBuildPhase section */

/* Begin PBXTargetDependency section */
		15362B0D11D26CC800F63E59 /* PBXTargetDependency */ = {
			isa = PBXTargetDependency;
			name = MDSLib;
			targetProxy = 15362B0C11D26CC800F63E59 /* PBXContainerItemProxy */;
		};
/* End PBXTargetDependency section */

/* Begin XCBuildConfiguration section */
		1D6058940D05DD3E006BFB54 /* Debug */ = {
			isa = XCBuildConfiguration;
			buildSettings = {
				ALWAYS_SEARCH_USER_PATHS = NO;
				COPY_PHASE_STRIP = NO;
				GCC_DYNAMIC_NO_PIC = NO;
				GCC_OPTIMIZATION_LEVEL = 0;
				GCC_PRECOMPILE_PREFIX_HEADER = YES;
				GCC_PREFIX_HEADER = Scavenger_iPad_Prefix.pch;
				HEADER_SEARCH_PATHS = "";
				INFOPLIST_FILE = "Scavenger_iPad-Info.plist";
				LIBRARY_SEARCH_PATHS = (
					"$(inherited)",
					"\"$(SRCROOT)/../MDSLib/build/Debug-iphonesimulator\"",
				);
				PRODUCT_NAME = "Scavenger-iPad";
				USER_HEADER_SEARCH_PATHS = "$(MDS_SRC)/**";
			};
			name = Debug;
		};
		1D6058950D05DD3E006BFB54 /* Release */ = {
			isa = XCBuildConfiguration;
			buildSettings = {
				ALWAYS_SEARCH_USER_PATHS = NO;
				COPY_PHASE_STRIP = YES;
				GCC_PRECOMPILE_PREFIX_HEADER = YES;
				GCC_PREFIX_HEADER = Scavenger_iPad_Prefix.pch;
				HEADER_SEARCH_PATHS = "";
				INFOPLIST_FILE = "Scavenger_iPad-Info.plist";
				LIBRARY_SEARCH_PATHS = (
					"$(inherited)",
					"\"$(SRCROOT)/../MDSLib/build/Debug-iphonesimulator\"",
				);
				PRODUCT_NAME = "Scavenger-iPad";
				USER_HEADER_SEARCH_PATHS = "$(MDS_SRC)/**";
				VALIDATE_PRODUCT = YES;
			};
			name = Release;
		};
		C01FCF4F08A954540054247B /* Debug */ = {
			isa = XCBuildConfiguration;
			buildSettings = {
				"ARCHS[sdk=iphoneos*]" = armv7;
				"ARCHS[sdk=iphonesimulator*]" = i386;
				"CODE_SIGN_IDENTITY[sdk=iphoneos*]" = "iPhone Developer";
				GCC_C_LANGUAGE_STANDARD = c99;
				GCC_WARN_ABOUT_RETURN_TYPE = YES;
				GCC_WARN_UNUSED_VARIABLE = YES;
				PREBINDING = NO;
				SDKROOT = iphoneos3.2;
				TARGETED_DEVICE_FAMILY = 2;
			};
			name = Debug;
		};
		C01FCF5008A954540054247B /* Release */ = {
			isa = XCBuildConfiguration;
			buildSettings = {
				"ARCHS[sdk=iphoneos*]" = armv7;
				"ARCHS[sdk=iphonesimulator*]" = i386;
				"CODE_SIGN_IDENTITY[sdk=iphoneos*]" = "iPhone Developer";
				GCC_C_LANGUAGE_STANDARD = c99;
				GCC_WARN_ABOUT_RETURN_TYPE = YES;
				GCC_WARN_UNUSED_VARIABLE = YES;
				OTHER_CFLAGS = "-DNS_BLOCK_ASSERTIONS=1";
				PREBINDING = NO;
				SDKROOT = iphoneos3.2;
				TARGETED_DEVICE_FAMILY = 2;
			};
			name = Release;
		};
/* End XCBuildConfiguration section */

/* Begin XCConfigurationList section */
		1D6058960D05DD3E006BFB54 /* Build configuration list for PBXNativeTarget "Scavenger-iPad" */ = {
			isa = XCConfigurationList;
			buildConfigurations = (
				1D6058940D05DD3E006BFB54 /* Debug */,
				1D6058950D05DD3E006BFB54 /* Release */,
			);
			defaultConfigurationIsVisible = 0;
			defaultConfigurationName = Release;
		};
		C01FCF4E08A954540054247B /* Build configuration list for PBXProject "Scavenger-iPad" */ = {
			isa = XCConfigurationList;
			buildConfigurations = (
				C01FCF4F08A954540054247B /* Debug */,
				C01FCF5008A954540054247B /* Release */,
			);
			defaultConfigurationIsVisible = 0;
			defaultConfigurationName = Release;
		};
/* End XCConfigurationList section */

/* Begin XCVersionGroup section */
		153E577211C934AB00DCDAC0 /* Scavenger_iPad.xcdatamodeld */ = {
			isa = XCVersionGroup;
			children = (
				15362AC611D26A5300F63E59 /* GameRunObject.h */,
				15362AC711D26A5300F63E59 /* GameRunObject.m */,
				15B00F1D11D145D700757CCE /* GameObject.h */,
				15B00F1E11D145D700757CCE /* GameObject.m */,
				15652E4D11CECFC10051E687 /* LocationObject.h */,
				15652E4E11CECFC10051E687 /* LocationObject.m */,
				15652E4F11CECFC10051E687 /* LocationPointObject.h */,
				15652E5011CECFC10051E687 /* LocationPointObject.m */,
				153E5D2B11CB2FEE00DCDAC0 /* GameRouteObject.h */,
				153E5D2C11CB2FEE00DCDAC0 /* GameRouteObject.m */,
				153E577811C934BC00DCDAC0 /* ActiveLocationObject.h */,
				153E577911C934BC00DCDAC0 /* ActiveLocationObject.m */,
				153E577A11C934BC00DCDAC0 /* PlayerLocationObject.h */,
				153E577B11C934BC00DCDAC0 /* PlayerLocationObject.m */,
				153E577C11C934BC00DCDAC0 /* QuestionObject.h */,
				153E577D11C934BC00DCDAC0 /* QuestionObject.m */,
				153E577E11C934BC00DCDAC0 /* AnswerObject.h */,
				153E577F11C934BC00DCDAC0 /* AnswerObject.m */,
				153E578211C934BC00DCDAC0 /* LocationOrderObject.h */,
				153E578311C934BC00DCDAC0 /* LocationOrderObject.m */,
				153E578A11C934BC00DCDAC0 /* HardwareObject.h */,
				153E578B11C934BC00DCDAC0 /* HardwareObject.m */,
				153E577311C934AB00DCDAC0 /* Scavenger-iPad.xcdatamodel */,
			);
			currentVersion = 153E577311C934AB00DCDAC0 /* Scavenger-iPad.xcdatamodel */;
			path = Scavenger_iPad.xcdatamodeld;
			sourceTree = "<group>";
			versionGroupType = wrapper.xcdatamodel;
		};
/* End XCVersionGroup section */
	};
	rootObject = 29B97313FDCFA39411CA2CEA /* Project object */;
}
