// !$*UTF8*$!
{
	archiveVersion = 1;
	classes = {
	};
	objectVersion = 45;
	objects = {

/* Begin PBXBuildFile section */
		15362B1F11D26E2800F63E59 /* ExpandableViewController.h in Headers */ = {isa = PBXBuildFile; fileRef = 15362B1D11D26E2800F63E59 /* ExpandableViewController.h */; };
		15362B2011D26E2800F63E59 /* ExpandableViewController.m in Sources */ = {isa = PBXBuildFile; fileRef = 15362B1E11D26E2800F63E59 /* ExpandableViewController.m */; };
		15652AC211CE81620051E687 /* UnitsEditCell.h in Headers */ = {isa = PBXBuildFile; fileRef = 15652AC011CE81620051E687 /* UnitsEditCell.h */; };
		15652AC311CE81620051E687 /* UnitsEditCell.m in Sources */ = {isa = PBXBuildFile; fileRef = 15652AC111CE81620051E687 /* UnitsEditCell.m */; };
		15652B5111CE86380051E687 /* GetTextPopupController.h in Headers */ = {isa = PBXBuildFile; fileRef = 15652B4911CE86380051E687 /* GetTextPopupController.h */; };
		15652B5211CE86380051E687 /* GetTextPopupController.m in Sources */ = {isa = PBXBuildFile; fileRef = 15652B4A11CE86380051E687 /* GetTextPopupController.m */; };
		15652B5311CE86380051E687 /* MapTypePopupController.h in Headers */ = {isa = PBXBuildFile; fileRef = 15652B4C11CE86380051E687 /* MapTypePopupController.h */; };
		15652B5411CE86380051E687 /* MapTypePopupController.m in Sources */ = {isa = PBXBuildFile; fileRef = 15652B4D11CE86380051E687 /* MapTypePopupController.m */; };
		15652B5511CE86380051E687 /* MenuPopupController.h in Headers */ = {isa = PBXBuildFile; fileRef = 15652B4F11CE86380051E687 /* MenuPopupController.h */; };
		15652B5611CE86380051E687 /* MenuPopupController.m in Sources */ = {isa = PBXBuildFile; fileRef = 15652B5011CE86380051E687 /* MenuPopupController.m */; };
		15652B9211CE89630051E687 /* CheckingMapView.h in Headers */ = {isa = PBXBuildFile; fileRef = 15652B9011CE89630051E687 /* CheckingMapView.h */; };
		15652B9311CE89630051E687 /* CheckingMapView.m in Sources */ = {isa = PBXBuildFile; fileRef = 15652B9111CE89630051E687 /* CheckingMapView.m */; };
		AA747D9F0F9514B9006C5449 /* MDSLib_Prefix.pch in Headers */ = {isa = PBXBuildFile; fileRef = AA747D9E0F9514B9006C5449 /* MDSLib_Prefix.pch */; };
		AACBBE4A0F95108600F1A2B1 /* Foundation.framework in Frameworks */ = {isa = PBXBuildFile; fileRef = AACBBE490F95108600F1A2B1 /* Foundation.framework */; };
/* End PBXBuildFile section */

/* Begin PBXCopyFilesBuildPhase section */
		15652AEE11CE82340051E687 /* CopyFiles */ = {
			isa = PBXCopyFilesBuildPhase;
			buildActionMask = 2147483647;
			dstPath = "";
			dstSubfolderSpec = 7;
			files = (
			);
			runOnlyForDeploymentPostprocessing = 0;
		};
/* End PBXCopyFilesBuildPhase section */

/* Begin PBXFileReference section */
		15362B1D11D26E2800F63E59 /* ExpandableViewController.h */ = {isa = PBXFileReference; fileEncoding = 4; lastKnownFileType = sourcecode.c.h; path = ExpandableViewController.h; sourceTree = "<group>"; };
		15362B1E11D26E2800F63E59 /* ExpandableViewController.m */ = {isa = PBXFileReference; fileEncoding = 4; lastKnownFileType = sourcecode.c.objc; path = ExpandableViewController.m; sourceTree = "<group>"; };
		15652AC011CE81620051E687 /* UnitsEditCell.h */ = {isa = PBXFileReference; fileEncoding = 4; lastKnownFileType = sourcecode.c.h; name = UnitsEditCell.h; path = CommonViews/UnitsEditCell.h; sourceTree = "<group>"; };
		15652AC111CE81620051E687 /* UnitsEditCell.m */ = {isa = PBXFileReference; fileEncoding = 4; lastKnownFileType = sourcecode.c.objc; name = UnitsEditCell.m; path = CommonViews/UnitsEditCell.m; sourceTree = "<group>"; };
		15652B4911CE86380051E687 /* GetTextPopupController.h */ = {isa = PBXFileReference; fileEncoding = 4; lastKnownFileType = sourcecode.c.h; name = GetTextPopupController.h; path = CommonControllers/GetTextPopupController.h; sourceTree = "<group>"; };
		15652B4A11CE86380051E687 /* GetTextPopupController.m */ = {isa = PBXFileReference; fileEncoding = 4; lastKnownFileType = sourcecode.c.objc; name = GetTextPopupController.m; path = CommonControllers/GetTextPopupController.m; sourceTree = "<group>"; };
		15652B4B11CE86380051E687 /* GetTextPopupController.xib */ = {isa = PBXFileReference; lastKnownFileType = file.xib; name = GetTextPopupController.xib; path = CommonControllers/GetTextPopupController.xib; sourceTree = "<group>"; };
		15652B4C11CE86380051E687 /* MapTypePopupController.h */ = {isa = PBXFileReference; fileEncoding = 4; lastKnownFileType = sourcecode.c.h; name = MapTypePopupController.h; path = CommonControllers/MapTypePopupController.h; sourceTree = "<group>"; };
		15652B4D11CE86380051E687 /* MapTypePopupController.m */ = {isa = PBXFileReference; fileEncoding = 4; lastKnownFileType = sourcecode.c.objc; name = MapTypePopupController.m; path = CommonControllers/MapTypePopupController.m; sourceTree = "<group>"; };
		15652B4E11CE86380051E687 /* MapTypePopupController.xib */ = {isa = PBXFileReference; lastKnownFileType = file.xib; name = MapTypePopupController.xib; path = CommonControllers/MapTypePopupController.xib; sourceTree = "<group>"; };
		15652B4F11CE86380051E687 /* MenuPopupController.h */ = {isa = PBXFileReference; fileEncoding = 4; lastKnownFileType = sourcecode.c.h; name = MenuPopupController.h; path = CommonControllers/MenuPopupController.h; sourceTree = "<group>"; };
		15652B5011CE86380051E687 /* MenuPopupController.m */ = {isa = PBXFileReference; fileEncoding = 4; lastKnownFileType = sourcecode.c.objc; name = MenuPopupController.m; path = CommonControllers/MenuPopupController.m; sourceTree = "<group>"; };
		15652B9011CE89630051E687 /* CheckingMapView.h */ = {isa = PBXFileReference; fileEncoding = 4; lastKnownFileType = sourcecode.c.h; name = CheckingMapView.h; path = CommonViews/CheckingMapView.h; sourceTree = "<group>"; };
		15652B9111CE89630051E687 /* CheckingMapView.m */ = {isa = PBXFileReference; fileEncoding = 4; lastKnownFileType = sourcecode.c.objc; name = CheckingMapView.m; path = CommonViews/CheckingMapView.m; sourceTree = "<group>"; };
		AA747D9E0F9514B9006C5449 /* MDSLib_Prefix.pch */ = {isa = PBXFileReference; fileEncoding = 4; lastKnownFileType = sourcecode.c.h; path = MDSLib_Prefix.pch; sourceTree = SOURCE_ROOT; };
		AACBBE490F95108600F1A2B1 /* Foundation.framework */ = {isa = PBXFileReference; lastKnownFileType = wrapper.framework; name = Foundation.framework; path = System/Library/Frameworks/Foundation.framework; sourceTree = SDKROOT; };
		D2AAC07E0554694100DB518D /* libMDSLib.a */ = {isa = PBXFileReference; explicitFileType = archive.ar; includeInIndex = 0; path = libMDSLib.a; sourceTree = BUILT_PRODUCTS_DIR; };
/* End PBXFileReference section */

/* Begin PBXFrameworksBuildPhase section */
		D2AAC07C0554694100DB518D /* Frameworks */ = {
			isa = PBXFrameworksBuildPhase;
			buildActionMask = 2147483647;
			files = (
				AACBBE4A0F95108600F1A2B1 /* Foundation.framework in Frameworks */,
			);
			runOnlyForDeploymentPostprocessing = 0;
		};
/* End PBXFrameworksBuildPhase section */

/* Begin PBXGroup section */
		034768DFFF38A50411DB9C8B /* Products */ = {
			isa = PBXGroup;
			children = (
				D2AAC07E0554694100DB518D /* libMDSLib.a */,
			);
			name = Products;
			sourceTree = "<group>";
		};
		0867D691FE84028FC02AAC07 /* MDSLib */ = {
			isa = PBXGroup;
			children = (
				08FB77AEFE84172EC02AAC07 /* Classes */,
				32C88DFF0371C24200C91783 /* Other Sources */,
				0867D69AFE84028FC02AAC07 /* Frameworks */,
				034768DFFF38A50411DB9C8B /* Products */,
			);
			name = MDSLib;
			sourceTree = "<group>";
		};
		0867D69AFE84028FC02AAC07 /* Frameworks */ = {
			isa = PBXGroup;
			children = (
				AACBBE490F95108600F1A2B1 /* Foundation.framework */,
			);
			name = Frameworks;
			sourceTree = "<group>";
		};
		08FB77AEFE84172EC02AAC07 /* Classes */ = {
			isa = PBXGroup;
			children = (
				15652B4511CE85720051E687 /* CommonControllers */,
				15652ABF11CE81510051E687 /* CommonViews */,
			);
			name = Classes;
			sourceTree = "<group>";
		};
		15652ABF11CE81510051E687 /* CommonViews */ = {
			isa = PBXGroup;
			children = (
				15652B9011CE89630051E687 /* CheckingMapView.h */,
				15652B9111CE89630051E687 /* CheckingMapView.m */,
				15652AC011CE81620051E687 /* UnitsEditCell.h */,
				15652AC111CE81620051E687 /* UnitsEditCell.m */,
			);
			name = CommonViews;
			sourceTree = "<group>";
		};
		15652B4511CE85720051E687 /* CommonControllers */ = {
			isa = PBXGroup;
			children = (
				15652B4911CE86380051E687 /* GetTextPopupController.h */,
				15652B4A11CE86380051E687 /* GetTextPopupController.m */,
				15652B4B11CE86380051E687 /* GetTextPopupController.xib */,
				15652B4C11CE86380051E687 /* MapTypePopupController.h */,
				15652B4D11CE86380051E687 /* MapTypePopupController.m */,
				15652B4E11CE86380051E687 /* MapTypePopupController.xib */,
				15652B4F11CE86380051E687 /* MenuPopupController.h */,
				15652B5011CE86380051E687 /* MenuPopupController.m */,
				15362B1D11D26E2800F63E59 /* ExpandableViewController.h */,
				15362B1E11D26E2800F63E59 /* ExpandableViewController.m */,
			);
			name = CommonControllers;
			sourceTree = "<group>";
		};
		32C88DFF0371C24200C91783 /* Other Sources */ = {
			isa = PBXGroup;
			children = (
				AA747D9E0F9514B9006C5449 /* MDSLib_Prefix.pch */,
			);
			name = "Other Sources";
			sourceTree = "<group>";
		};
/* End PBXGroup section */

/* Begin PBXHeadersBuildPhase section */
		D2AAC07A0554694100DB518D /* Headers */ = {
			isa = PBXHeadersBuildPhase;
			buildActionMask = 2147483647;
			files = (
				AA747D9F0F9514B9006C5449 /* MDSLib_Prefix.pch in Headers */,
				15652AC211CE81620051E687 /* UnitsEditCell.h in Headers */,
				15652B5111CE86380051E687 /* GetTextPopupController.h in Headers */,
				15652B5311CE86380051E687 /* MapTypePopupController.h in Headers */,
				15652B5511CE86380051E687 /* MenuPopupController.h in Headers */,
				15652B9211CE89630051E687 /* CheckingMapView.h in Headers */,
				15362B1F11D26E2800F63E59 /* ExpandableViewController.h in Headers */,
			);
			runOnlyForDeploymentPostprocessing = 0;
		};
/* End PBXHeadersBuildPhase section */

/* Begin PBXNativeTarget section */
		D2AAC07D0554694100DB518D /* MDSLib */ = {
			isa = PBXNativeTarget;
			buildConfigurationList = 1DEB921E08733DC00010E9CD /* Build configuration list for PBXNativeTarget "MDSLib" */;
			buildPhases = (
				D2AAC07A0554694100DB518D /* Headers */,
				D2AAC07B0554694100DB518D /* Sources */,
				D2AAC07C0554694100DB518D /* Frameworks */,
				15652AEE11CE82340051E687 /* CopyFiles */,
			);
			buildRules = (
			);
			dependencies = (
			);
			name = MDSLib;
			productName = MDSLib;
			productReference = D2AAC07E0554694100DB518D /* libMDSLib.a */;
			productType = "com.apple.product-type.library.static";
		};
/* End PBXNativeTarget section */

/* Begin PBXProject section */
		0867D690FE84028FC02AAC07 /* Project object */ = {
			isa = PBXProject;
			buildConfigurationList = 1DEB922208733DC00010E9CD /* Build configuration list for PBXProject "MDSLib" */;
			compatibilityVersion = "Xcode 3.1";
			hasScannedForEncodings = 1;
			mainGroup = 0867D691FE84028FC02AAC07 /* MDSLib */;
			productRefGroup = 034768DFFF38A50411DB9C8B /* Products */;
			projectDirPath = "";
			projectRoot = "";
			targets = (
				D2AAC07D0554694100DB518D /* MDSLib */,
			);
		};
/* End PBXProject section */

/* Begin PBXSourcesBuildPhase section */
		D2AAC07B0554694100DB518D /* Sources */ = {
			isa = PBXSourcesBuildPhase;
			buildActionMask = 2147483647;
			files = (
				15652AC311CE81620051E687 /* UnitsEditCell.m in Sources */,
				15652B5211CE86380051E687 /* GetTextPopupController.m in Sources */,
				15652B5411CE86380051E687 /* MapTypePopupController.m in Sources */,
				15652B5611CE86380051E687 /* MenuPopupController.m in Sources */,
				15652B9311CE89630051E687 /* CheckingMapView.m in Sources */,
				15362B2011D26E2800F63E59 /* ExpandableViewController.m in Sources */,
			);
			runOnlyForDeploymentPostprocessing = 0;
		};
/* End PBXSourcesBuildPhase section */

/* Begin XCBuildConfiguration section */
		1DEB921F08733DC00010E9CD /* Debug */ = {
			isa = XCBuildConfiguration;
			buildSettings = {
				ALWAYS_SEARCH_USER_PATHS = NO;
				ARCHS = "$(ARCHS_STANDARD_32_BIT)";
				COPY_PHASE_STRIP = NO;
				DSTROOT = /tmp/MDSLib.dst;
				GCC_DYNAMIC_NO_PIC = NO;
				GCC_ENABLE_FIX_AND_CONTINUE = YES;
				GCC_MODEL_TUNING = G5;
				GCC_OPTIMIZATION_LEVEL = 0;
				GCC_PRECOMPILE_PREFIX_HEADER = YES;
				GCC_PREFIX_HEADER = MDSLib_Prefix.pch;
				INSTALL_PATH = /usr/local/lib;
				PRODUCT_NAME = MDSLib;
			};
			name = Debug;
		};
		1DEB922008733DC00010E9CD /* Release */ = {
			isa = XCBuildConfiguration;
			buildSettings = {
				ALWAYS_SEARCH_USER_PATHS = NO;
				ARCHS = "$(ARCHS_STANDARD_32_BIT)";
				DSTROOT = /tmp/MDSLib.dst;
				GCC_MODEL_TUNING = G5;
				GCC_PRECOMPILE_PREFIX_HEADER = YES;
				GCC_PREFIX_HEADER = MDSLib_Prefix.pch;
				INSTALL_PATH = /usr/local/lib;
				PRODUCT_NAME = MDSLib;
			};
			name = Release;
		};
		1DEB922308733DC00010E9CD /* Debug */ = {
			isa = XCBuildConfiguration;
			buildSettings = {
				ARCHS = "$(ARCHS_STANDARD_32_BIT)";
				GCC_C_LANGUAGE_STANDARD = c99;
				GCC_OPTIMIZATION_LEVEL = 0;
				GCC_WARN_ABOUT_RETURN_TYPE = YES;
				GCC_WARN_UNUSED_VARIABLE = YES;
				OTHER_LDFLAGS = "-ObjC";
				PREBINDING = NO;
				SDKROOT = iphoneos3.2;
			};
			name = Debug;
		};
		1DEB922408733DC00010E9CD /* Release */ = {
			isa = XCBuildConfiguration;
			buildSettings = {
				ARCHS = "$(ARCHS_STANDARD_32_BIT)";
				GCC_C_LANGUAGE_STANDARD = c99;
				GCC_WARN_ABOUT_RETURN_TYPE = YES;
				GCC_WARN_UNUSED_VARIABLE = YES;
				OTHER_LDFLAGS = "-ObjC";
				PREBINDING = NO;
				SDKROOT = iphoneos3.2;
			};
			name = Release;
		};
/* End XCBuildConfiguration section */

/* Begin XCConfigurationList section */
		1DEB921E08733DC00010E9CD /* Build configuration list for PBXNativeTarget "MDSLib" */ = {
			isa = XCConfigurationList;
			buildConfigurations = (
				1DEB921F08733DC00010E9CD /* Debug */,
				1DEB922008733DC00010E9CD /* Release */,
			);
			defaultConfigurationIsVisible = 0;
			defaultConfigurationName = Release;
		};
		1DEB922208733DC00010E9CD /* Build configuration list for PBXProject "MDSLib" */ = {
			isa = XCConfigurationList;
			buildConfigurations = (
				1DEB922308733DC00010E9CD /* Debug */,
				1DEB922408733DC00010E9CD /* Release */,
			);
			defaultConfigurationIsVisible = 0;
			defaultConfigurationName = Release;
		};
/* End XCConfigurationList section */
	};
	rootObject = 0867D690FE84028FC02AAC07 /* Project object */;
}
